// !$*UTF8*$!
{
	archiveVersion = 1;
	classes = {
	};
	objectVersion = 46;
	objects = {

/* Begin PBXBuildFile section */
		28848B621CDE97D600B86C45 /* InsertDiskViewController.m in Sources */ = {isa = PBXBuildFile; fileRef = 28848B611CDE97D600B86C45 /* InsertDiskViewController.m */; };
		28848B651CDE97E900B86C45 /* SettingsViewController.m in Sources */ = {isa = PBXBuildFile; fileRef = 28848B641CDE97E900B86C45 /* SettingsViewController.m */; };
		28BA897E1CE7315400A98104 /* KBKey.m in Sources */ = {isa = PBXBuildFile; fileRef = 28BA89751CE7315400A98104 /* KBKey.m */; };
		28BA897F1CE7315400A98104 /* KBKeyboardLayout.m in Sources */ = {isa = PBXBuildFile; fileRef = 28BA89771CE7315400A98104 /* KBKeyboardLayout.m */; };
		28BA89801CE7315400A98104 /* KBKeyboardView.m in Sources */ = {isa = PBXBuildFile; fileRef = 28BA89791CE7315400A98104 /* KBKeyboardView.m */; };
		28BA89821CE7336500A98104 /* Keyboard Layouts in Resources */ = {isa = PBXBuildFile; fileRef = 28BA89811CE7336500A98104 /* Keyboard Layouts */; };
		28BA89851CE73E7200A98104 /* TrackPad.m in Sources */ = {isa = PBXBuildFile; fileRef = 28BA89841CE73E7200A98104 /* TrackPad.m */; };
		28CE8EB51CD4C3B200FE25A8 /* GLOBGLUE.c in Sources */ = {isa = PBXBuildFile; fileRef = 28CE8E931CD4C3B200FE25A8 /* GLOBGLUE.c */; };
		28CE8EB61CD4C3B200FE25A8 /* IWMEMDEV.c in Sources */ = {isa = PBXBuildFile; fileRef = 28CE8E961CD4C3B200FE25A8 /* IWMEMDEV.c */; };
		28CE8EB71CD4C3B200FE25A8 /* KBRDEMDV.c in Sources */ = {isa = PBXBuildFile; fileRef = 28CE8E981CD4C3B200FE25A8 /* KBRDEMDV.c */; };
		28CE8EB81CD4C3B200FE25A8 /* M68KITAB.c in Sources */ = {isa = PBXBuildFile; fileRef = 28CE8E9A1CD4C3B200FE25A8 /* M68KITAB.c */; };
		28CE8EB91CD4C3B200FE25A8 /* MINEM68K.c in Sources */ = {isa = PBXBuildFile; fileRef = 28CE8E9C1CD4C3B200FE25A8 /* MINEM68K.c */; };
		28CE8EBA1CD4C3B200FE25A8 /* MOUSEMDV.c in Sources */ = {isa = PBXBuildFile; fileRef = 28CE8E9E1CD4C3B200FE25A8 /* MOUSEMDV.c */; };
		28CE8EBB1CD4C3B200FE25A8 /* PROGMAIN.c in Sources */ = {isa = PBXBuildFile; fileRef = 28CE8EA11CD4C3B200FE25A8 /* PROGMAIN.c */; };
		28CE8EBC1CD4C3B200FE25A8 /* ROMEMDEV.c in Sources */ = {isa = PBXBuildFile; fileRef = 28CE8EA31CD4C3B200FE25A8 /* ROMEMDEV.c */; };
		28CE8EBD1CD4C3B200FE25A8 /* RTCEMDEV.c in Sources */ = {isa = PBXBuildFile; fileRef = 28CE8EA51CD4C3B200FE25A8 /* RTCEMDEV.c */; };
		28CE8EBE1CD4C3B200FE25A8 /* SCCEMDEV.c in Sources */ = {isa = PBXBuildFile; fileRef = 28CE8EA71CD4C3B200FE25A8 /* SCCEMDEV.c */; };
		28CE8EBF1CD4C3B200FE25A8 /* SCRNEMDV.c in Sources */ = {isa = PBXBuildFile; fileRef = 28CE8EA91CD4C3B200FE25A8 /* SCRNEMDV.c */; };
		28CE8EC01CD4C3B200FE25A8 /* SCSIEMDV.c in Sources */ = {isa = PBXBuildFile; fileRef = 28CE8EAC1CD4C3B200FE25A8 /* SCSIEMDV.c */; };
		28CE8EC11CD4C3B200FE25A8 /* SNDEMDEV.c in Sources */ = {isa = PBXBuildFile; fileRef = 28CE8EAE1CD4C3B200FE25A8 /* SNDEMDEV.c */; };
		28CE8EC21CD4C3B200FE25A8 /* SONYEMDV.c in Sources */ = {isa = PBXBuildFile; fileRef = 28CE8EB01CD4C3B200FE25A8 /* SONYEMDV.c */; };
		28CE8EC31CD4C3B200FE25A8 /* VIAEMDEV.c in Sources */ = {isa = PBXBuildFile; fileRef = 28CE8EB31CD4C3B200FE25A8 /* VIAEMDEV.c */; };
		28CE8ECC1CD4CDC500FE25A8 /* MYOSGLUE.m in Sources */ = {isa = PBXBuildFile; fileRef = 28CE8ECB1CD4CDC500FE25A8 /* MYOSGLUE.m */; settings = {COMPILER_FLAGS = "-fno-objc-arc"; }; };
		28CE8ED61CD4F56C00FE25A8 /* ScreenView.m in Sources */ = {isa = PBXBuildFile; fileRef = 28CE8ED51CD4F56C00FE25A8 /* ScreenView.m */; };
		28D5A3FD1CD6868F001A33F6 /* TouchScreen.m in Sources */ = {isa = PBXBuildFile; fileRef = 28D5A3FC1CD6868E001A33F6 /* TouchScreen.m */; };
		28F676C21CD15E0B00FC6FA6 /* main.m in Sources */ = {isa = PBXBuildFile; fileRef = 28F676C11CD15E0B00FC6FA6 /* main.m */; };
		28F676C51CD15E0B00FC6FA6 /* AppDelegate.m in Sources */ = {isa = PBXBuildFile; fileRef = 28F676C41CD15E0B00FC6FA6 /* AppDelegate.m */; };
		28F676C81CD15E0B00FC6FA6 /* ViewController.m in Sources */ = {isa = PBXBuildFile; fileRef = 28F676C71CD15E0B00FC6FA6 /* ViewController.m */; };
		28F676CB1CD15E0B00FC6FA6 /* Main.storyboard in Resources */ = {isa = PBXBuildFile; fileRef = 28F676C91CD15E0B00FC6FA6 /* Main.storyboard */; };
		28F676CD1CD15E0B00FC6FA6 /* Assets.xcassets in Resources */ = {isa = PBXBuildFile; fileRef = 28F676CC1CD15E0B00FC6FA6 /* Assets.xcassets */; };
		28F676D01CD15E0B00FC6FA6 /* LaunchScreen.storyboard in Resources */ = {isa = PBXBuildFile; fileRef = 28F676CE1CD15E0B00FC6FA6 /* LaunchScreen.storyboard */; };
/* End PBXBuildFile section */

/* Begin PBXFileReference section */
		28848B601CDE97D600B86C45 /* InsertDiskViewController.h */ = {isa = PBXFileReference; fileEncoding = 4; lastKnownFileType = sourcecode.c.h; path = InsertDiskViewController.h; sourceTree = "<group>"; };
		28848B611CDE97D600B86C45 /* InsertDiskViewController.m */ = {isa = PBXFileReference; fileEncoding = 4; lastKnownFileType = sourcecode.c.objc; path = InsertDiskViewController.m; sourceTree = "<group>"; };
		28848B631CDE97E900B86C45 /* SettingsViewController.h */ = {isa = PBXFileReference; fileEncoding = 4; lastKnownFileType = sourcecode.c.h; path = SettingsViewController.h; sourceTree = "<group>"; };
		28848B641CDE97E900B86C45 /* SettingsViewController.m */ = {isa = PBXFileReference; fileEncoding = 4; lastKnownFileType = sourcecode.c.objc; path = SettingsViewController.m; sourceTree = "<group>"; };
		28BA89741CE7315400A98104 /* KBKey.h */ = {isa = PBXFileReference; fileEncoding = 4; lastKnownFileType = sourcecode.c.h; path = KBKey.h; sourceTree = "<group>"; };
		28BA89751CE7315400A98104 /* KBKey.m */ = {isa = PBXFileReference; fileEncoding = 4; lastKnownFileType = sourcecode.c.objc; path = KBKey.m; sourceTree = "<group>"; };
		28BA89761CE7315400A98104 /* KBKeyboardLayout.h */ = {isa = PBXFileReference; fileEncoding = 4; lastKnownFileType = sourcecode.c.h; path = KBKeyboardLayout.h; sourceTree = "<group>"; };
		28BA89771CE7315400A98104 /* KBKeyboardLayout.m */ = {isa = PBXFileReference; fileEncoding = 4; lastKnownFileType = sourcecode.c.objc; path = KBKeyboardLayout.m; sourceTree = "<group>"; };
		28BA89781CE7315400A98104 /* KBKeyboardView.h */ = {isa = PBXFileReference; fileEncoding = 4; lastKnownFileType = sourcecode.c.h; path = KBKeyboardView.h; sourceTree = "<group>"; };
		28BA89791CE7315400A98104 /* KBKeyboardView.m */ = {isa = PBXFileReference; fileEncoding = 4; lastKnownFileType = sourcecode.c.objc; path = KBKeyboardView.m; sourceTree = "<group>"; };
		28BA89811CE7336500A98104 /* Keyboard Layouts */ = {isa = PBXFileReference; lastKnownFileType = folder; path = "Keyboard Layouts"; sourceTree = "<group>"; };
		28BA89831CE73E7200A98104 /* TrackPad.h */ = {isa = PBXFileReference; fileEncoding = 4; lastKnownFileType = sourcecode.c.h; path = TrackPad.h; sourceTree = "<group>"; };
		28BA89841CE73E7200A98104 /* TrackPad.m */ = {isa = PBXFileReference; fileEncoding = 4; lastKnownFileType = sourcecode.c.objc; path = TrackPad.m; sourceTree = "<group>"; };
		28CE8E881CD4C33E00FE25A8 /* CNFGGLOB.h */ = {isa = PBXFileReference; fileEncoding = 4; lastKnownFileType = sourcecode.c.h; path = CNFGGLOB.h; sourceTree = "<group>"; };
		28CE8E891CD4C33E00FE25A8 /* CNFGRAPI.h */ = {isa = PBXFileReference; fileEncoding = 4; lastKnownFileType = sourcecode.c.h; path = CNFGRAPI.h; sourceTree = "<group>"; };
		28CE8E8A1CD4C33E00FE25A8 /* EMCONFIG.h */ = {isa = PBXFileReference; fileEncoding = 4; lastKnownFileType = sourcecode.c.h; path = EMCONFIG.h; sourceTree = "<group>"; };
		28CE8E8F1CD4C3B200FE25A8 /* COMOSGLU.h */ = {isa = PBXFileReference; fileEncoding = 4; lastKnownFileType = sourcecode.c.h; path = COMOSGLU.h; sourceTree = "<group>"; };
		28CE8E911CD4C3B200FE25A8 /* DATE2SEC.h */ = {isa = PBXFileReference; fileEncoding = 4; lastKnownFileType = sourcecode.c.h; path = DATE2SEC.h; sourceTree = "<group>"; };
		28CE8E921CD4C3B200FE25A8 /* ENDIANAC.h */ = {isa = PBXFileReference; fileEncoding = 4; lastKnownFileType = sourcecode.c.h; path = ENDIANAC.h; sourceTree = "<group>"; };
		28CE8E931CD4C3B200FE25A8 /* GLOBGLUE.c */ = {isa = PBXFileReference; fileEncoding = 4; lastKnownFileType = sourcecode.c.c; path = GLOBGLUE.c; sourceTree = "<group>"; };
		28CE8E941CD4C3B200FE25A8 /* GLOBGLUE.h */ = {isa = PBXFileReference; fileEncoding = 4; lastKnownFileType = sourcecode.c.h; path = GLOBGLUE.h; sourceTree = "<group>"; };
		28CE8E961CD4C3B200FE25A8 /* IWMEMDEV.c */ = {isa = PBXFileReference; fileEncoding = 4; lastKnownFileType = sourcecode.c.c; path = IWMEMDEV.c; sourceTree = "<group>"; };
		28CE8E971CD4C3B200FE25A8 /* IWMEMDEV.h */ = {isa = PBXFileReference; fileEncoding = 4; lastKnownFileType = sourcecode.c.h; path = IWMEMDEV.h; sourceTree = "<group>"; };
		28CE8E981CD4C3B200FE25A8 /* KBRDEMDV.c */ = {isa = PBXFileReference; fileEncoding = 4; lastKnownFileType = sourcecode.c.c; path = KBRDEMDV.c; sourceTree = "<group>"; };
		28CE8E991CD4C3B200FE25A8 /* KBRDEMDV.h */ = {isa = PBXFileReference; fileEncoding = 4; lastKnownFileType = sourcecode.c.h; path = KBRDEMDV.h; sourceTree = "<group>"; };
		28CE8E9A1CD4C3B200FE25A8 /* M68KITAB.c */ = {isa = PBXFileReference; fileEncoding = 4; lastKnownFileType = sourcecode.c.c; path = M68KITAB.c; sourceTree = "<group>"; };
		28CE8E9B1CD4C3B200FE25A8 /* M68KITAB.h */ = {isa = PBXFileReference; fileEncoding = 4; lastKnownFileType = sourcecode.c.h; path = M68KITAB.h; sourceTree = "<group>"; };
		28CE8E9C1CD4C3B200FE25A8 /* MINEM68K.c */ = {isa = PBXFileReference; fileEncoding = 4; lastKnownFileType = sourcecode.c.c; path = MINEM68K.c; sourceTree = "<group>"; };
		28CE8E9D1CD4C3B200FE25A8 /* MINEM68K.h */ = {isa = PBXFileReference; fileEncoding = 4; lastKnownFileType = sourcecode.c.h; path = MINEM68K.h; sourceTree = "<group>"; };
		28CE8E9E1CD4C3B200FE25A8 /* MOUSEMDV.c */ = {isa = PBXFileReference; fileEncoding = 4; lastKnownFileType = sourcecode.c.c; path = MOUSEMDV.c; sourceTree = "<group>"; };
		28CE8E9F1CD4C3B200FE25A8 /* MOUSEMDV.h */ = {isa = PBXFileReference; fileEncoding = 4; lastKnownFileType = sourcecode.c.h; path = MOUSEMDV.h; sourceTree = "<group>"; };
		28CE8EA01CD4C3B200FE25A8 /* MYOSGLUE.h */ = {isa = PBXFileReference; fileEncoding = 4; lastKnownFileType = sourcecode.c.h; path = MYOSGLUE.h; sourceTree = "<group>"; };
		28CE8EA11CD4C3B200FE25A8 /* PROGMAIN.c */ = {isa = PBXFileReference; fileEncoding = 4; lastKnownFileType = sourcecode.c.c; path = PROGMAIN.c; sourceTree = "<group>"; };
		28CE8EA21CD4C3B200FE25A8 /* PROGMAIN.h */ = {isa = PBXFileReference; fileEncoding = 4; lastKnownFileType = sourcecode.c.h; path = PROGMAIN.h; sourceTree = "<group>"; };
		28CE8EA31CD4C3B200FE25A8 /* ROMEMDEV.c */ = {isa = PBXFileReference; fileEncoding = 4; lastKnownFileType = sourcecode.c.c; path = ROMEMDEV.c; sourceTree = "<group>"; };
		28CE8EA41CD4C3B200FE25A8 /* ROMEMDEV.h */ = {isa = PBXFileReference; fileEncoding = 4; lastKnownFileType = sourcecode.c.h; path = ROMEMDEV.h; sourceTree = "<group>"; };
		28CE8EA51CD4C3B200FE25A8 /* RTCEMDEV.c */ = {isa = PBXFileReference; fileEncoding = 4; lastKnownFileType = sourcecode.c.c; path = RTCEMDEV.c; sourceTree = "<group>"; };
		28CE8EA61CD4C3B200FE25A8 /* RTCEMDEV.h */ = {isa = PBXFileReference; fileEncoding = 4; lastKnownFileType = sourcecode.c.h; path = RTCEMDEV.h; sourceTree = "<group>"; };
		28CE8EA71CD4C3B200FE25A8 /* SCCEMDEV.c */ = {isa = PBXFileReference; fileEncoding = 4; lastKnownFileType = sourcecode.c.c; path = SCCEMDEV.c; sourceTree = "<group>"; };
		28CE8EA81CD4C3B200FE25A8 /* SCCEMDEV.h */ = {isa = PBXFileReference; fileEncoding = 4; lastKnownFileType = sourcecode.c.h; path = SCCEMDEV.h; sourceTree = "<group>"; };
		28CE8EA91CD4C3B200FE25A8 /* SCRNEMDV.c */ = {isa = PBXFileReference; fileEncoding = 4; lastKnownFileType = sourcecode.c.c; path = SCRNEMDV.c; sourceTree = "<group>"; };
		28CE8EAA1CD4C3B200FE25A8 /* SCRNEMDV.h */ = {isa = PBXFileReference; fileEncoding = 4; lastKnownFileType = sourcecode.c.h; path = SCRNEMDV.h; sourceTree = "<group>"; };
		28CE8EAB1CD4C3B200FE25A8 /* SCRNMAPR.h */ = {isa = PBXFileReference; fileEncoding = 4; lastKnownFileType = sourcecode.c.h; path = SCRNMAPR.h; sourceTree = "<group>"; };
		28CE8EAC1CD4C3B200FE25A8 /* SCSIEMDV.c */ = {isa = PBXFileReference; fileEncoding = 4; lastKnownFileType = sourcecode.c.c; path = SCSIEMDV.c; sourceTree = "<group>"; };
		28CE8EAD1CD4C3B200FE25A8 /* SCSIEMDV.h */ = {isa = PBXFileReference; fileEncoding = 4; lastKnownFileType = sourcecode.c.h; path = SCSIEMDV.h; sourceTree = "<group>"; };
		28CE8EAE1CD4C3B200FE25A8 /* SNDEMDEV.c */ = {isa = PBXFileReference; fileEncoding = 4; lastKnownFileType = sourcecode.c.c; path = SNDEMDEV.c; sourceTree = "<group>"; };
		28CE8EAF1CD4C3B200FE25A8 /* SNDEMDEV.h */ = {isa = PBXFileReference; fileEncoding = 4; lastKnownFileType = sourcecode.c.h; path = SNDEMDEV.h; sourceTree = "<group>"; };
		28CE8EB01CD4C3B200FE25A8 /* SONYEMDV.c */ = {isa = PBXFileReference; fileEncoding = 4; lastKnownFileType = sourcecode.c.c; path = SONYEMDV.c; sourceTree = "<group>"; };
		28CE8EB11CD4C3B200FE25A8 /* SONYEMDV.h */ = {isa = PBXFileReference; fileEncoding = 4; lastKnownFileType = sourcecode.c.h; path = SONYEMDV.h; sourceTree = "<group>"; };
		28CE8EB21CD4C3B200FE25A8 /* SYSDEPNS.h */ = {isa = PBXFileReference; fileEncoding = 4; lastKnownFileType = sourcecode.c.h; path = SYSDEPNS.h; sourceTree = "<group>"; };
		28CE8EB31CD4C3B200FE25A8 /* VIAEMDEV.c */ = {isa = PBXFileReference; fileEncoding = 4; lastKnownFileType = sourcecode.c.c; path = VIAEMDEV.c; sourceTree = "<group>"; };
		28CE8EB41CD4C3B200FE25A8 /* VIAEMDEV.h */ = {isa = PBXFileReference; fileEncoding = 4; lastKnownFileType = sourcecode.c.h; path = VIAEMDEV.h; sourceTree = "<group>"; };
		28CE8ECB1CD4CDC500FE25A8 /* MYOSGLUE.m */ = {isa = PBXFileReference; fileEncoding = 4; lastKnownFileType = sourcecode.c.objc; path = MYOSGLUE.m; sourceTree = "<group>"; };
		28CE8ECD1CD4D1A100FE25A8 /* STRCONST.h */ = {isa = PBXFileReference; lastKnownFileType = sourcecode.c.h; path = STRCONST.h; sourceTree = "<group>"; };
		28CE8ECF1CD4D5B900FE25A8 /* INTLCHAR.h */ = {isa = PBXFileReference; lastKnownFileType = sourcecode.c.h; path = INTLCHAR.h; sourceTree = "<group>"; };
		28CE8ED41CD4F56C00FE25A8 /* ScreenView.h */ = {isa = PBXFileReference; fileEncoding = 4; lastKnownFileType = sourcecode.c.h; path = ScreenView.h; sourceTree = "<group>"; };
		28CE8ED51CD4F56C00FE25A8 /* ScreenView.m */ = {isa = PBXFileReference; fileEncoding = 4; lastKnownFileType = sourcecode.c.objc; path = ScreenView.m; sourceTree = "<group>"; };
		28D5A3FB1CD6868E001A33F6 /* TouchScreen.h */ = {isa = PBXFileReference; fileEncoding = 4; lastKnownFileType = sourcecode.c.h; path = TouchScreen.h; sourceTree = "<group>"; };
		28D5A3FC1CD6868E001A33F6 /* TouchScreen.m */ = {isa = PBXFileReference; fileEncoding = 4; lastKnownFileType = sourcecode.c.objc; path = TouchScreen.m; sourceTree = "<group>"; };
		28F676BD1CD15E0B00FC6FA6 /* Mini vMac.app */ = {isa = PBXFileReference; explicitFileType = wrapper.application; includeInIndex = 0; path = "Mini vMac.app"; sourceTree = BUILT_PRODUCTS_DIR; };
		28F676C11CD15E0B00FC6FA6 /* main.m */ = {isa = PBXFileReference; lastKnownFileType = sourcecode.c.objc; path = main.m; sourceTree = "<group>"; };
		28F676C31CD15E0B00FC6FA6 /* AppDelegate.h */ = {isa = PBXFileReference; lastKnownFileType = sourcecode.c.h; path = AppDelegate.h; sourceTree = "<group>"; };
		28F676C41CD15E0B00FC6FA6 /* AppDelegate.m */ = {isa = PBXFileReference; lastKnownFileType = sourcecode.c.objc; path = AppDelegate.m; sourceTree = "<group>"; };
		28F676C61CD15E0B00FC6FA6 /* ViewController.h */ = {isa = PBXFileReference; lastKnownFileType = sourcecode.c.h; path = ViewController.h; sourceTree = "<group>"; };
		28F676C71CD15E0B00FC6FA6 /* ViewController.m */ = {isa = PBXFileReference; lastKnownFileType = sourcecode.c.objc; path = ViewController.m; sourceTree = "<group>"; };
		28F676CA1CD15E0B00FC6FA6 /* Base */ = {isa = PBXFileReference; lastKnownFileType = file.storyboard; name = Base; path = Base.lproj/Main.storyboard; sourceTree = "<group>"; };
		28F676CC1CD15E0B00FC6FA6 /* Assets.xcassets */ = {isa = PBXFileReference; lastKnownFileType = folder.assetcatalog; path = Assets.xcassets; sourceTree = "<group>"; };
		28F676CF1CD15E0B00FC6FA6 /* Base */ = {isa = PBXFileReference; lastKnownFileType = file.storyboard; name = Base; path = Base.lproj/LaunchScreen.storyboard; sourceTree = "<group>"; };
		28F676D11CD15E0B00FC6FA6 /* Info.plist */ = {isa = PBXFileReference; lastKnownFileType = text.plist.xml; path = Info.plist; sourceTree = "<group>"; };
/* End PBXFileReference section */

/* Begin PBXFrameworksBuildPhase section */
		28F676BA1CD15E0B00FC6FA6 /* Frameworks */ = {
			isa = PBXFrameworksBuildPhase;
			buildActionMask = 2147483647;
			files = (
			);
			runOnlyForDeploymentPostprocessing = 0;
		};
/* End PBXFrameworksBuildPhase section */

/* Begin PBXGroup section */
		28BA896E1CE7314500A98104 /* Keyboard */ = {
			isa = PBXGroup;
			children = (
				28BA89811CE7336500A98104 /* Keyboard Layouts */,
				28BA89741CE7315400A98104 /* KBKey.h */,
				28BA89751CE7315400A98104 /* KBKey.m */,
				28BA89761CE7315400A98104 /* KBKeyboardLayout.h */,
				28BA89771CE7315400A98104 /* KBKeyboardLayout.m */,
				28BA89781CE7315400A98104 /* KBKeyboardView.h */,
				28BA89791CE7315400A98104 /* KBKeyboardView.m */,
			);
			name = Keyboard;
			sourceTree = "<group>";
		};
		28CE8E871CD4C33E00FE25A8 /* mnvm_cfg */ = {
			isa = PBXGroup;
			children = (
				28CE8E881CD4C33E00FE25A8 /* CNFGGLOB.h */,
				28CE8E891CD4C33E00FE25A8 /* CNFGRAPI.h */,
				28CE8E8A1CD4C33E00FE25A8 /* EMCONFIG.h */,
			);
			path = mnvm_cfg;
			sourceTree = "<group>";
		};
		28CE8E8E1CD4C3B200FE25A8 /* mnvm_core */ = {
			isa = PBXGroup;
			children = (
				28CE8ECF1CD4D5B900FE25A8 /* INTLCHAR.h */,
				28CE8ECD1CD4D1A100FE25A8 /* STRCONST.h */,
				28CE8E8F1CD4C3B200FE25A8 /* COMOSGLU.h */,
				28CE8E911CD4C3B200FE25A8 /* DATE2SEC.h */,
				28CE8E921CD4C3B200FE25A8 /* ENDIANAC.h */,
				28CE8E931CD4C3B200FE25A8 /* GLOBGLUE.c */,
				28CE8E941CD4C3B200FE25A8 /* GLOBGLUE.h */,
				28CE8E961CD4C3B200FE25A8 /* IWMEMDEV.c */,
				28CE8E971CD4C3B200FE25A8 /* IWMEMDEV.h */,
				28CE8E981CD4C3B200FE25A8 /* KBRDEMDV.c */,
				28CE8E991CD4C3B200FE25A8 /* KBRDEMDV.h */,
				28CE8E9A1CD4C3B200FE25A8 /* M68KITAB.c */,
				28CE8E9B1CD4C3B200FE25A8 /* M68KITAB.h */,
				28CE8E9C1CD4C3B200FE25A8 /* MINEM68K.c */,
				28CE8E9D1CD4C3B200FE25A8 /* MINEM68K.h */,
				28CE8E9E1CD4C3B200FE25A8 /* MOUSEMDV.c */,
				28CE8E9F1CD4C3B200FE25A8 /* MOUSEMDV.h */,
				28CE8EA01CD4C3B200FE25A8 /* MYOSGLUE.h */,
				28CE8EA11CD4C3B200FE25A8 /* PROGMAIN.c */,
				28CE8EA21CD4C3B200FE25A8 /* PROGMAIN.h */,
				28CE8EA31CD4C3B200FE25A8 /* ROMEMDEV.c */,
				28CE8EA41CD4C3B200FE25A8 /* ROMEMDEV.h */,
				28CE8EA51CD4C3B200FE25A8 /* RTCEMDEV.c */,
				28CE8EA61CD4C3B200FE25A8 /* RTCEMDEV.h */,
				28CE8EA71CD4C3B200FE25A8 /* SCCEMDEV.c */,
				28CE8EA81CD4C3B200FE25A8 /* SCCEMDEV.h */,
				28CE8EA91CD4C3B200FE25A8 /* SCRNEMDV.c */,
				28CE8EAA1CD4C3B200FE25A8 /* SCRNEMDV.h */,
				28CE8EAB1CD4C3B200FE25A8 /* SCRNMAPR.h */,
				28CE8EAC1CD4C3B200FE25A8 /* SCSIEMDV.c */,
				28CE8EAD1CD4C3B200FE25A8 /* SCSIEMDV.h */,
				28CE8EAE1CD4C3B200FE25A8 /* SNDEMDEV.c */,
				28CE8EAF1CD4C3B200FE25A8 /* SNDEMDEV.h */,
				28CE8EB01CD4C3B200FE25A8 /* SONYEMDV.c */,
				28CE8EB11CD4C3B200FE25A8 /* SONYEMDV.h */,
				28CE8EB21CD4C3B200FE25A8 /* SYSDEPNS.h */,
				28CE8EB31CD4C3B200FE25A8 /* VIAEMDEV.c */,
				28CE8EB41CD4C3B200FE25A8 /* VIAEMDEV.h */,
			);
			path = mnvm_core;
			sourceTree = "<group>";
		};
		28F676B41CD15E0B00FC6FA6 = {
			isa = PBXGroup;
			children = (
				28F676BF1CD15E0B00FC6FA6 /* Mini vMac */,
				28F676BE1CD15E0B00FC6FA6 /* Products */,
			);
			sourceTree = "<group>";
		};
		28F676BE1CD15E0B00FC6FA6 /* Products */ = {
			isa = PBXGroup;
			children = (
				28F676BD1CD15E0B00FC6FA6 /* Mini vMac.app */,
			);
			name = Products;
			sourceTree = "<group>";
		};
		28F676BF1CD15E0B00FC6FA6 /* Mini vMac */ = {
			isa = PBXGroup;
			children = (
				28F676C31CD15E0B00FC6FA6 /* AppDelegate.h */,
				28F676C41CD15E0B00FC6FA6 /* AppDelegate.m */,
				28CE8ECB1CD4CDC500FE25A8 /* MYOSGLUE.m */,
				28CE8ED41CD4F56C00FE25A8 /* ScreenView.h */,
				28CE8ED51CD4F56C00FE25A8 /* ScreenView.m */,
				28D5A3FB1CD6868E001A33F6 /* TouchScreen.h */,
				28D5A3FC1CD6868E001A33F6 /* TouchScreen.m */,
				28BA89831CE73E7200A98104 /* TrackPad.h */,
				28BA89841CE73E7200A98104 /* TrackPad.m */,
				28F676C61CD15E0B00FC6FA6 /* ViewController.h */,
				28F676C71CD15E0B00FC6FA6 /* ViewController.m */,
				28848B601CDE97D600B86C45 /* InsertDiskViewController.h */,
				28848B611CDE97D600B86C45 /* InsertDiskViewController.m */,
				28848B631CDE97E900B86C45 /* SettingsViewController.h */,
				28848B641CDE97E900B86C45 /* SettingsViewController.m */,
				28F676C91CD15E0B00FC6FA6 /* Main.storyboard */,
				28F676CC1CD15E0B00FC6FA6 /* Assets.xcassets */,
				28BA896E1CE7314500A98104 /* Keyboard */,
				28F676CE1CD15E0B00FC6FA6 /* LaunchScreen.storyboard */,
				28F676D11CD15E0B00FC6FA6 /* Info.plist */,
				28CE8E8E1CD4C3B200FE25A8 /* mnvm_core */,
				28CE8E871CD4C33E00FE25A8 /* mnvm_cfg */,
				28F676C01CD15E0B00FC6FA6 /* Supporting Files */,
			);
			path = "Mini vMac";
			sourceTree = "<group>";
		};
		28F676C01CD15E0B00FC6FA6 /* Supporting Files */ = {
			isa = PBXGroup;
			children = (
				28F676C11CD15E0B00FC6FA6 /* main.m */,
			);
			name = "Supporting Files";
			sourceTree = "<group>";
		};
/* End PBXGroup section */

/* Begin PBXNativeTarget section */
		28F676BC1CD15E0B00FC6FA6 /* Mini vMac */ = {
			isa = PBXNativeTarget;
			buildConfigurationList = 28F676D41CD15E0B00FC6FA6 /* Build configuration list for PBXNativeTarget "Mini vMac" */;
			buildPhases = (
				28F676B91CD15E0B00FC6FA6 /* Sources */,
				28F676BA1CD15E0B00FC6FA6 /* Frameworks */,
				28F676BB1CD15E0B00FC6FA6 /* Resources */,
			);
			buildRules = (
			);
			dependencies = (
			);
			name = "Mini vMac";
			productName = "Mini vMac";
			productReference = 28F676BD1CD15E0B00FC6FA6 /* Mini vMac.app */;
			productType = "com.apple.product-type.application";
		};
/* End PBXNativeTarget section */

/* Begin PBXProject section */
		28F676B51CD15E0B00FC6FA6 /* Project object */ = {
			isa = PBXProject;
			attributes = {
				LastUpgradeCheck = 0730;
				ORGANIZATIONNAME = namedfork;
				TargetAttributes = {
					28F676BC1CD15E0B00FC6FA6 = {
						CreatedOnToolsVersion = 7.3;
					};
				};
			};
			buildConfigurationList = 28F676B81CD15E0B00FC6FA6 /* Build configuration list for PBXProject "Mini vMac" */;
			compatibilityVersion = "Xcode 3.2";
			developmentRegion = English;
			hasScannedForEncodings = 0;
			knownRegions = (
				en,
				Base,
			);
			mainGroup = 28F676B41CD15E0B00FC6FA6;
			productRefGroup = 28F676BE1CD15E0B00FC6FA6 /* Products */;
			projectDirPath = "";
			projectRoot = "";
			targets = (
				28F676BC1CD15E0B00FC6FA6 /* Mini vMac */,
			);
		};
/* End PBXProject section */

/* Begin PBXResourcesBuildPhase section */
		28F676BB1CD15E0B00FC6FA6 /* Resources */ = {
			isa = PBXResourcesBuildPhase;
			buildActionMask = 2147483647;
			files = (
				28F676D01CD15E0B00FC6FA6 /* LaunchScreen.storyboard in Resources */,
				28F676CD1CD15E0B00FC6FA6 /* Assets.xcassets in Resources */,
				28BA89821CE7336500A98104 /* Keyboard Layouts in Resources */,
				28F676CB1CD15E0B00FC6FA6 /* Main.storyboard in Resources */,
			);
			runOnlyForDeploymentPostprocessing = 0;
		};
/* End PBXResourcesBuildPhase section */

/* Begin PBXSourcesBuildPhase section */
		28F676B91CD15E0B00FC6FA6 /* Sources */ = {
			isa = PBXSourcesBuildPhase;
			buildActionMask = 2147483647;
			files = (
				28BA897E1CE7315400A98104 /* KBKey.m in Sources */,
				28CE8EC01CD4C3B200FE25A8 /* SCSIEMDV.c in Sources */,
				28CE8EC11CD4C3B200FE25A8 /* SNDEMDEV.c in Sources */,
				28CE8EB51CD4C3B200FE25A8 /* GLOBGLUE.c in Sources */,
				28CE8EBF1CD4C3B200FE25A8 /* SCRNEMDV.c in Sources */,
				28BA89851CE73E7200A98104 /* TrackPad.m in Sources */,
				28CE8EBD1CD4C3B200FE25A8 /* RTCEMDEV.c in Sources */,
				28CE8EB61CD4C3B200FE25A8 /* IWMEMDEV.c in Sources */,
				28CE8ED61CD4F56C00FE25A8 /* ScreenView.m in Sources */,
				28CE8EB91CD4C3B200FE25A8 /* MINEM68K.c in Sources */,
				28CE8EBA1CD4C3B200FE25A8 /* MOUSEMDV.c in Sources */,
				28CE8EC31CD4C3B200FE25A8 /* VIAEMDEV.c in Sources */,
				28CE8EB81CD4C3B200FE25A8 /* M68KITAB.c in Sources */,
				28848B651CDE97E900B86C45 /* SettingsViewController.m in Sources */,
				28CE8EB71CD4C3B200FE25A8 /* KBRDEMDV.c in Sources */,
				28CE8EBC1CD4C3B200FE25A8 /* ROMEMDEV.c in Sources */,
				28BA897F1CE7315400A98104 /* KBKeyboardLayout.m in Sources */,
				28CE8EBB1CD4C3B200FE25A8 /* PROGMAIN.c in Sources */,
				28848B621CDE97D600B86C45 /* InsertDiskViewController.m in Sources */,
				28F676C81CD15E0B00FC6FA6 /* ViewController.m in Sources */,
				28D5A3FD1CD6868F001A33F6 /* TouchScreen.m in Sources */,
				28CE8EC21CD4C3B200FE25A8 /* SONYEMDV.c in Sources */,
				28F676C51CD15E0B00FC6FA6 /* AppDelegate.m in Sources */,
				28BA89801CE7315400A98104 /* KBKeyboardView.m in Sources */,
				28CE8EBE1CD4C3B200FE25A8 /* SCCEMDEV.c in Sources */,
				28CE8ECC1CD4CDC500FE25A8 /* MYOSGLUE.m in Sources */,
				28F676C21CD15E0B00FC6FA6 /* main.m in Sources */,
			);
			runOnlyForDeploymentPostprocessing = 0;
		};
/* End PBXSourcesBuildPhase section */

/* Begin PBXVariantGroup section */
		28F676C91CD15E0B00FC6FA6 /* Main.storyboard */ = {
			isa = PBXVariantGroup;
			children = (
				28F676CA1CD15E0B00FC6FA6 /* Base */,
			);
			name = Main.storyboard;
			sourceTree = "<group>";
		};
		28F676CE1CD15E0B00FC6FA6 /* LaunchScreen.storyboard */ = {
			isa = PBXVariantGroup;
			children = (
				28F676CF1CD15E0B00FC6FA6 /* Base */,
			);
			name = LaunchScreen.storyboard;
			sourceTree = "<group>";
		};
/* End PBXVariantGroup section */

/* Begin XCBuildConfiguration section */
		28F676D21CD15E0B00FC6FA6 /* Debug */ = {
			isa = XCBuildConfiguration;
			buildSettings = {
				ALWAYS_SEARCH_USER_PATHS = NO;
				CLANG_ANALYZER_NONNULL = YES;
				CLANG_CXX_LANGUAGE_STANDARD = "gnu++0x";
				CLANG_CXX_LIBRARY = "libc++";
				CLANG_ENABLE_MODULES = YES;
				CLANG_ENABLE_OBJC_ARC = YES;
				CLANG_WARN_BOOL_CONVERSION = YES;
				CLANG_WARN_CONSTANT_CONVERSION = YES;
				CLANG_WARN_DIRECT_OBJC_ISA_USAGE = YES_ERROR;
				CLANG_WARN_EMPTY_BODY = YES;
				CLANG_WARN_ENUM_CONVERSION = YES;
				CLANG_WARN_INT_CONVERSION = YES;
				CLANG_WARN_OBJC_ROOT_CLASS = YES_ERROR;
				CLANG_WARN_UNREACHABLE_CODE = YES;
				CLANG_WARN__DUPLICATE_METHOD_MATCH = YES;
				"CODE_SIGN_IDENTITY[sdk=iphoneos*]" = "iPhone Developer";
				COPY_PHASE_STRIP = NO;
				DEBUG_INFORMATION_FORMAT = dwarf;
				ENABLE_STRICT_OBJC_MSGSEND = YES;
				ENABLE_TESTABILITY = YES;
				GCC_C_LANGUAGE_STANDARD = gnu99;
				GCC_DYNAMIC_NO_PIC = NO;
				GCC_NO_COMMON_BLOCKS = YES;
				GCC_OPTIMIZATION_LEVEL = 0;
				GCC_PREPROCESSOR_DEFINITIONS = (
					"DEBUG=1",
					"$(inherited)",
				);
				GCC_WARN_64_TO_32_BIT_CONVERSION = YES;
				GCC_WARN_ABOUT_RETURN_TYPE = YES_ERROR;
				GCC_WARN_UNDECLARED_SELECTOR = YES;
				GCC_WARN_UNINITIALIZED_AUTOS = YES_AGGRESSIVE;
				GCC_WARN_UNUSED_FUNCTION = YES;
				GCC_WARN_UNUSED_VARIABLE = YES;
				IPHONEOS_DEPLOYMENT_TARGET = 9.3;
				MTL_ENABLE_DEBUG_INFO = YES;
				ONLY_ACTIVE_ARCH = YES;
				SDKROOT = iphoneos;
				TARGETED_DEVICE_FAMILY = "1,2";
			};
			name = Debug;
		};
		28F676D31CD15E0B00FC6FA6 /* Release */ = {
			isa = XCBuildConfiguration;
			buildSettings = {
				ALWAYS_SEARCH_USER_PATHS = NO;
				CLANG_ANALYZER_NONNULL = YES;
				CLANG_CXX_LANGUAGE_STANDARD = "gnu++0x";
				CLANG_CXX_LIBRARY = "libc++";
				CLANG_ENABLE_MODULES = YES;
				CLANG_ENABLE_OBJC_ARC = YES;
				CLANG_WARN_BOOL_CONVERSION = YES;
				CLANG_WARN_CONSTANT_CONVERSION = YES;
				CLANG_WARN_DIRECT_OBJC_ISA_USAGE = YES_ERROR;
				CLANG_WARN_EMPTY_BODY = YES;
				CLANG_WARN_ENUM_CONVERSION = YES;
				CLANG_WARN_INT_CONVERSION = YES;
				CLANG_WARN_OBJC_ROOT_CLASS = YES_ERROR;
				CLANG_WARN_UNREACHABLE_CODE = YES;
				CLANG_WARN__DUPLICATE_METHOD_MATCH = YES;
				"CODE_SIGN_IDENTITY[sdk=iphoneos*]" = "iPhone Developer";
				COPY_PHASE_STRIP = NO;
				DEBUG_INFORMATION_FORMAT = "dwarf-with-dsym";
				ENABLE_NS_ASSERTIONS = NO;
				ENABLE_STRICT_OBJC_MSGSEND = YES;
				GCC_C_LANGUAGE_STANDARD = gnu99;
				GCC_NO_COMMON_BLOCKS = YES;
				GCC_WARN_64_TO_32_BIT_CONVERSION = YES;
				GCC_WARN_ABOUT_RETURN_TYPE = YES_ERROR;
				GCC_WARN_UNDECLARED_SELECTOR = YES;
				GCC_WARN_UNINITIALIZED_AUTOS = YES_AGGRESSIVE;
				GCC_WARN_UNUSED_FUNCTION = YES;
				GCC_WARN_UNUSED_VARIABLE = YES;
				IPHONEOS_DEPLOYMENT_TARGET = 9.3;
				MTL_ENABLE_DEBUG_INFO = NO;
				SDKROOT = iphoneos;
				TARGETED_DEVICE_FAMILY = "1,2";
				VALIDATE_PRODUCT = YES;
			};
			name = Release;
		};
		28F676D51CD15E0B00FC6FA6 /* Debug */ = {
			isa = XCBuildConfiguration;
			buildSettings = {
				ASSETCATALOG_COMPILER_APPICON_NAME = AppIcon;
				INFOPLIST_FILE = "Mini vMac/Info.plist";
				LD_RUNPATH_SEARCH_PATHS = "$(inherited) @executable_path/Frameworks";
				PRODUCT_BUNDLE_IDENTIFIER = net.namedfork.minivmac;
				PRODUCT_NAME = "$(TARGET_NAME)";
			};
			name = Debug;
		};
		28F676D61CD15E0B00FC6FA6 /* Release */ = {
			isa = XCBuildConfiguration;
			buildSettings = {
				ASSETCATALOG_COMPILER_APPICON_NAME = AppIcon;
				INFOPLIST_FILE = "Mini vMac/Info.plist";
				LD_RUNPATH_SEARCH_PATHS = "$(inherited) @executable_path/Frameworks";
				PRODUCT_BUNDLE_IDENTIFIER = net.namedfork.minivmac;
				PRODUCT_NAME = "$(TARGET_NAME)";
			};
			name = Release;
		};
/* End XCBuildConfiguration section */

/* Begin XCConfigurationList section */
		28F676B81CD15E0B00FC6FA6 /* Build configuration list for PBXProject "Mini vMac" */ = {
			isa = XCConfigurationList;
			buildConfigurations = (
				28F676D21CD15E0B00FC6FA6 /* Debug */,
				28F676D31CD15E0B00FC6FA6 /* Release */,
			);
			defaultConfigurationIsVisible = 0;
			defaultConfigurationName = Release;
		};
		28F676D41CD15E0B00FC6FA6 /* Build configuration list for PBXNativeTarget "Mini vMac" */ = {
			isa = XCConfigurationList;
			buildConfigurations = (
				28F676D51CD15E0B00FC6FA6 /* Debug */,
				28F676D61CD15E0B00FC6FA6 /* Release */,
			);
			defaultConfigurationIsVisible = 0;
			defaultConfigurationName = Release;
		};
/* End XCConfigurationList section */
	};
	rootObject = 28F676B51CD15E0B00FC6FA6 /* Project object */;
}
