// !$*UTF8*$!
{
	archiveVersion = 1;
	classes = {
	};
	objectVersion = 46;
	objects = {

/* Begin PBXBuildFile section */
		283422D21CF8EF8C0088B634 /* MacPlus4M.framework in Embed Frameworks */ = {isa = PBXBuildFile; fileRef = 283422CA1CF8EF8C0088B634 /* MacPlus4M.framework */; settings = {ATTRIBUTES = (CodeSignOnCopy, RemoveHeadersOnCopy, ); }; };
		283422EE1CF8F2210088B634 /* MYOSGLUE.m in Sources */ = {isa = PBXBuildFile; fileRef = 28CE8ECB1CD4CDC500FE25A8 /* MYOSGLUE.m */; settings = {COMPILER_FLAGS = "-fno-objc-arc"; }; };
		283422F41CF8F55E0088B634 /* Emulator.m in Sources */ = {isa = PBXBuildFile; fileRef = 283422F21CF8F5400088B634 /* Emulator.m */; };
		283423601CF9C1050088B634 /* GLOBGLUE.c in Sources */ = {isa = PBXBuildFile; fileRef = 283423341CF9C0F10088B634 /* GLOBGLUE.c */; };
		283423611CF9C10B0088B634 /* IWMEMDEV.c in Sources */ = {isa = PBXBuildFile; fileRef = 283423371CF9C0F10088B634 /* IWMEMDEV.c */; };
		283423631CF9C1320088B634 /* KBRDEMDV.c in Sources */ = {isa = PBXBuildFile; fileRef = 283423391CF9C0F10088B634 /* KBRDEMDV.c */; };
		283423641CF9C1320088B634 /* M68KITAB.c in Sources */ = {isa = PBXBuildFile; fileRef = 2834233B1CF9C0F10088B634 /* M68KITAB.c */; };
		283423651CF9C1320088B634 /* MINEM68K.c in Sources */ = {isa = PBXBuildFile; fileRef = 2834233D1CF9C0F10088B634 /* MINEM68K.c */; };
		283423661CF9C1320088B634 /* MOUSEMDV.c in Sources */ = {isa = PBXBuildFile; fileRef = 2834233F1CF9C0F10088B634 /* MOUSEMDV.c */; };
		283423671CF9C1320088B634 /* PROGMAIN.c in Sources */ = {isa = PBXBuildFile; fileRef = 283423441CF9C0F10088B634 /* PROGMAIN.c */; };
		283423681CF9C1320088B634 /* ROMEMDEV.c in Sources */ = {isa = PBXBuildFile; fileRef = 283423461CF9C0F10088B634 /* ROMEMDEV.c */; };
		283423691CF9C1320088B634 /* RTCEMDEV.c in Sources */ = {isa = PBXBuildFile; fileRef = 283423481CF9C0F10088B634 /* RTCEMDEV.c */; };
		2834236A1CF9C1320088B634 /* SCCEMDEV.c in Sources */ = {isa = PBXBuildFile; fileRef = 2834234A1CF9C0F10088B634 /* SCCEMDEV.c */; };
		2834236B1CF9C1320088B634 /* SCRNEMDV.c in Sources */ = {isa = PBXBuildFile; fileRef = 2834234C1CF9C0F10088B634 /* SCRNEMDV.c */; };
		2834236C1CF9C1320088B634 /* SCSIEMDV.c in Sources */ = {isa = PBXBuildFile; fileRef = 283423511CF9C0F10088B634 /* SCSIEMDV.c */; };
		2834236D1CF9C1320088B634 /* SNDEMDEV.c in Sources */ = {isa = PBXBuildFile; fileRef = 283423531CF9C0F10088B634 /* SNDEMDEV.c */; };
		2834236E1CF9C1320088B634 /* SONYEMDV.c in Sources */ = {isa = PBXBuildFile; fileRef = 283423551CF9C0F10088B634 /* SONYEMDV.c */; };
		2834236F1CF9C1320088B634 /* VIAEMDEV.c in Sources */ = {isa = PBXBuildFile; fileRef = 2834235B1CF9C0F10088B634 /* VIAEMDEV.c */; };
		283423861CF9C4CB0088B634 /* Emulator.m in Sources */ = {isa = PBXBuildFile; fileRef = 283422F21CF8F5400088B634 /* Emulator.m */; };
		283423881CF9C4CB0088B634 /* MYOSGLUE.m in Sources */ = {isa = PBXBuildFile; fileRef = 28CE8ECB1CD4CDC500FE25A8 /* MYOSGLUE.m */; settings = {COMPILER_FLAGS = "-fno-objc-arc"; }; };
		283423A31CF9C5880088B634 /* MacII.framework in Embed Frameworks */ = {isa = PBXBuildFile; fileRef = 283423961CF9C4CB0088B634 /* MacII.framework */; settings = {ATTRIBUTES = (CodeSignOnCopy, RemoveHeadersOnCopy, ); }; };
		283423D21CF9C66D0088B634 /* ADBEMDEV.c in Sources */ = {isa = PBXBuildFile; fileRef = 283423231CF9C0F10088B634 /* ADBEMDEV.c */; };
		283423D31CF9C66D0088B634 /* ASCEMDEV.c in Sources */ = {isa = PBXBuildFile; fileRef = 283423271CF9C0F10088B634 /* ASCEMDEV.c */; };
		283423D41CF9C66D0088B634 /* GLOBGLUE.c in Sources */ = {isa = PBXBuildFile; fileRef = 283423341CF9C0F10088B634 /* GLOBGLUE.c */; };
		283423D51CF9C66D0088B634 /* IWMEMDEV.c in Sources */ = {isa = PBXBuildFile; fileRef = 283423371CF9C0F10088B634 /* IWMEMDEV.c */; };
		283423D61CF9C66D0088B634 /* M68KITAB.c in Sources */ = {isa = PBXBuildFile; fileRef = 2834233B1CF9C0F10088B634 /* M68KITAB.c */; };
		283423D71CF9C66D0088B634 /* MINEM68K.c in Sources */ = {isa = PBXBuildFile; fileRef = 2834233D1CF9C0F10088B634 /* MINEM68K.c */; };
		283423D81CF9C66D0088B634 /* MOUSEMDV.c in Sources */ = {isa = PBXBuildFile; fileRef = 2834233F1CF9C0F10088B634 /* MOUSEMDV.c */; };
		283423D91CF9C66D0088B634 /* PROGMAIN.c in Sources */ = {isa = PBXBuildFile; fileRef = 283423441CF9C0F10088B634 /* PROGMAIN.c */; };
		283423DA1CF9C66D0088B634 /* ROMEMDEV.c in Sources */ = {isa = PBXBuildFile; fileRef = 283423461CF9C0F10088B634 /* ROMEMDEV.c */; };
		283423DB1CF9C66D0088B634 /* RTCEMDEV.c in Sources */ = {isa = PBXBuildFile; fileRef = 283423481CF9C0F10088B634 /* RTCEMDEV.c */; };
		283423DC1CF9C66D0088B634 /* SCCEMDEV.c in Sources */ = {isa = PBXBuildFile; fileRef = 2834234A1CF9C0F10088B634 /* SCCEMDEV.c */; };
		283423DD1CF9C66D0088B634 /* SCRNEMDV.c in Sources */ = {isa = PBXBuildFile; fileRef = 2834234C1CF9C0F10088B634 /* SCRNEMDV.c */; };
		283423DE1CF9C66D0088B634 /* SCSIEMDV.c in Sources */ = {isa = PBXBuildFile; fileRef = 283423511CF9C0F10088B634 /* SCSIEMDV.c */; };
		283423DF1CF9C66D0088B634 /* SONYEMDV.c in Sources */ = {isa = PBXBuildFile; fileRef = 283423551CF9C0F10088B634 /* SONYEMDV.c */; };
		283423E01CF9C66D0088B634 /* VIA2EMDV.c in Sources */ = {isa = PBXBuildFile; fileRef = 283423591CF9C0F10088B634 /* VIA2EMDV.c */; };
		283423E11CF9C66D0088B634 /* VIAEMDEV.c in Sources */ = {isa = PBXBuildFile; fileRef = 2834235B1CF9C0F10088B634 /* VIAEMDEV.c */; };
		283423E21CF9C66D0088B634 /* VIDEMDEV.c in Sources */ = {isa = PBXBuildFile; fileRef = 2834235D1CF9C0F10088B634 /* VIDEMDEV.c */; };
		283423E91CFA32870088B634 /* MacPlus.png in Resources */ = {isa = PBXBuildFile; fileRef = 283423E31CFA32800088B634 /* MacPlus.png */; };
		283423EA1CFA32870088B634 /* MacPlus@2x.png in Resources */ = {isa = PBXBuildFile; fileRef = 283423E41CFA32800088B634 /* MacPlus@2x.png */; };
		283423EB1CFA32870088B634 /* MacPlus@3x.png in Resources */ = {isa = PBXBuildFile; fileRef = 283423E51CFA32800088B634 /* MacPlus@3x.png */; };
		283423EF1CFA329C0088B634 /* MacII.png in Resources */ = {isa = PBXBuildFile; fileRef = 283423EC1CFA329C0088B634 /* MacII.png */; };
		283423F01CFA329C0088B634 /* MacII@2x.png in Resources */ = {isa = PBXBuildFile; fileRef = 283423ED1CFA329C0088B634 /* MacII@2x.png */; };
		283423F11CFA329C0088B634 /* MacII@3x.png in Resources */ = {isa = PBXBuildFile; fileRef = 283423EE1CFA329C0088B634 /* MacII@3x.png */; };
		28848B621CDE97D600B86C45 /* InsertDiskViewController.m in Sources */ = {isa = PBXBuildFile; fileRef = 28848B611CDE97D600B86C45 /* InsertDiskViewController.m */; };
		28848B651CDE97E900B86C45 /* SettingsViewController.m in Sources */ = {isa = PBXBuildFile; fileRef = 28848B641CDE97E900B86C45 /* SettingsViewController.m */; };
		28BA897E1CE7315400A98104 /* KBKey.m in Sources */ = {isa = PBXBuildFile; fileRef = 28BA89751CE7315400A98104 /* KBKey.m */; };
		28BA897F1CE7315400A98104 /* KBKeyboardLayout.m in Sources */ = {isa = PBXBuildFile; fileRef = 28BA89771CE7315400A98104 /* KBKeyboardLayout.m */; };
		28BA89801CE7315400A98104 /* KBKeyboardView.m in Sources */ = {isa = PBXBuildFile; fileRef = 28BA89791CE7315400A98104 /* KBKeyboardView.m */; };
		28BA89821CE7336500A98104 /* Keyboard Layouts in Resources */ = {isa = PBXBuildFile; fileRef = 28BA89811CE7336500A98104 /* Keyboard Layouts */; };
		28BA89851CE73E7200A98104 /* TrackPad.m in Sources */ = {isa = PBXBuildFile; fileRef = 28BA89841CE73E7200A98104 /* TrackPad.m */; };
		28BA89881CE73FBC00A98104 /* MNVMApplication.m in Sources */ = {isa = PBXBuildFile; fileRef = 28BA89871CE73FBC00A98104 /* MNVMApplication.m */; };
		28CE8ED61CD4F56C00FE25A8 /* ScreenView.m in Sources */ = {isa = PBXBuildFile; fileRef = 28CE8ED51CD4F56C00FE25A8 /* ScreenView.m */; };
		28D5A3FD1CD6868F001A33F6 /* TouchScreen.m in Sources */ = {isa = PBXBuildFile; fileRef = 28D5A3FC1CD6868E001A33F6 /* TouchScreen.m */; };
		28F676C21CD15E0B00FC6FA6 /* main.m in Sources */ = {isa = PBXBuildFile; fileRef = 28F676C11CD15E0B00FC6FA6 /* main.m */; };
		28F676C51CD15E0B00FC6FA6 /* AppDelegate.m in Sources */ = {isa = PBXBuildFile; fileRef = 28F676C41CD15E0B00FC6FA6 /* AppDelegate.m */; };
		28F676C81CD15E0B00FC6FA6 /* ViewController.m in Sources */ = {isa = PBXBuildFile; fileRef = 28F676C71CD15E0B00FC6FA6 /* ViewController.m */; };
		28F676CB1CD15E0B00FC6FA6 /* Main.storyboard in Resources */ = {isa = PBXBuildFile; fileRef = 28F676C91CD15E0B00FC6FA6 /* Main.storyboard */; };
		28F676CD1CD15E0B00FC6FA6 /* Assets.xcassets in Resources */ = {isa = PBXBuildFile; fileRef = 28F676CC1CD15E0B00FC6FA6 /* Assets.xcassets */; };
		28F676D01CD15E0B00FC6FA6 /* LaunchScreen.storyboard in Resources */ = {isa = PBXBuildFile; fileRef = 28F676CE1CD15E0B00FC6FA6 /* LaunchScreen.storyboard */; };
		28F6B4521CF07C48002D76D0 /* UIImage+DiskImageIcon.m in Sources */ = {isa = PBXBuildFile; fileRef = 28F6B4511CF07C48002D76D0 /* UIImage+DiskImageIcon.m */; };
		28F6B4971CF07E00002D76D0 /* block.c in Sources */ = {isa = PBXBuildFile; fileRef = 28F6B4611CF07CC9002D76D0 /* block.c */; };
		28F6B4981CF07E00002D76D0 /* btree.c in Sources */ = {isa = PBXBuildFile; fileRef = 28F6B4631CF07CC9002D76D0 /* btree.c */; };
		28F6B4991CF07E00002D76D0 /* data.c in Sources */ = {isa = PBXBuildFile; fileRef = 28F6B4661CF07CC9002D76D0 /* data.c */; };
		28F6B49A1CF07E00002D76D0 /* file.c in Sources */ = {isa = PBXBuildFile; fileRef = 28F6B4681CF07CC9002D76D0 /* file.c */; };
		28F6B49B1CF07E00002D76D0 /* hfs.c in Sources */ = {isa = PBXBuildFile; fileRef = 28F6B46A1CF07CC9002D76D0 /* hfs.c */; };
		28F6B49C1CF07E00002D76D0 /* low.c in Sources */ = {isa = PBXBuildFile; fileRef = 28F6B46D1CF07CC9002D76D0 /* low.c */; };
		28F6B49D1CF07E00002D76D0 /* medium.c in Sources */ = {isa = PBXBuildFile; fileRef = 28F6B46F1CF07CC9002D76D0 /* medium.c */; };
		28F6B49E1CF07E00002D76D0 /* memcmp.c in Sources */ = {isa = PBXBuildFile; fileRef = 28F6B4711CF07CC9002D76D0 /* memcmp.c */; };
		28F6B49F1CF07E00002D76D0 /* node.c in Sources */ = {isa = PBXBuildFile; fileRef = 28F6B4721CF07CC9002D76D0 /* node.c */; };
		28F6B4A01CF07E00002D76D0 /* record.c in Sources */ = {isa = PBXBuildFile; fileRef = 28F6B4771CF07CC9002D76D0 /* record.c */; };
		28F6B4A11CF07E00002D76D0 /* version.c in Sources */ = {isa = PBXBuildFile; fileRef = 28F6B4791CF07CC9002D76D0 /* version.c */; };
		28F6B4A21CF07E00002D76D0 /* volume.c in Sources */ = {isa = PBXBuildFile; fileRef = 28F6B47B1CF07CC9002D76D0 /* volume.c */; };
		28F6B4A31CF07E08002D76D0 /* unix.c in Sources */ = {isa = PBXBuildFile; fileRef = 28F6B4751CF07CC9002D76D0 /* unix.c */; };
		28F6B4B11CF07ED9002D76D0 /* mfs.c in Sources */ = {isa = PBXBuildFile; fileRef = 28F6B45C1CF07CBF002D76D0 /* mfs.c */; };
		28F6B4BF1CF07F39002D76D0 /* res.c in Sources */ = {isa = PBXBuildFile; fileRef = 28F6B4571CF07CB3002D76D0 /* res.c */; };
		28F6B4C01CF07F5C002D76D0 /* liblibhfs.a in Frameworks */ = {isa = PBXBuildFile; fileRef = 28F6B48E1CF07DDD002D76D0 /* liblibhfs.a */; };
		28F6B4C11CF07F5C002D76D0 /* liblibmfs.a in Frameworks */ = {isa = PBXBuildFile; fileRef = 28F6B4A81CF07EC9002D76D0 /* liblibmfs.a */; };
		28F6B4C21CF07F5C002D76D0 /* liblibres.a in Frameworks */ = {isa = PBXBuildFile; fileRef = 28F6B4B61CF07F32002D76D0 /* liblibres.a */; };
		28F6B4CA1CF1FA7A002D76D0 /* about.plist in Resources */ = {isa = PBXBuildFile; fileRef = 28F6B4C91CF1FA7A002D76D0 /* about.plist */; };
		28F6B4CF1CF77099002D76D0 /* compat.m in Sources */ = {isa = PBXBuildFile; fileRef = 28F6B4CE1CF77099002D76D0 /* compat.m */; };
/* End PBXBuildFile section */

/* Begin PBXContainerItemProxy section */
		283422CF1CF8EF8C0088B634 /* PBXContainerItemProxy */ = {
			isa = PBXContainerItemProxy;
			containerPortal = 28F676B51CD15E0B00FC6FA6 /* Project object */;
			proxyType = 1;
			remoteGlobalIDString = 283422C91CF8EF8C0088B634;
			remoteInfo = "minivmac-plus4m";
		};
		283423A01CF9C5730088B634 /* PBXContainerItemProxy */ = {
			isa = PBXContainerItemProxy;
			containerPortal = 28F676B51CD15E0B00FC6FA6 /* Project object */;
			proxyType = 1;
			remoteGlobalIDString = 2834237D1CF9C4CB0088B634;
			remoteInfo = MacII;
		};
/* End PBXContainerItemProxy section */

/* Begin PBXCopyFilesBuildPhase section */
		283422D61CF8EF8C0088B634 /* Embed Frameworks */ = {
			isa = PBXCopyFilesBuildPhase;
			buildActionMask = 2147483647;
			dstPath = "";
			dstSubfolderSpec = 13;
			files = (
				283423A31CF9C5880088B634 /* MacII.framework in Embed Frameworks */,
				283422D21CF8EF8C0088B634 /* MacPlus4M.framework in Embed Frameworks */,
			);
			name = "Embed Frameworks";
			runOnlyForDeploymentPostprocessing = 0;
		};
		28F6B48C1CF07DDD002D76D0 /* CopyFiles */ = {
			isa = PBXCopyFilesBuildPhase;
			buildActionMask = 2147483647;
			dstPath = "include/$(PRODUCT_NAME)";
			dstSubfolderSpec = 16;
			files = (
			);
			runOnlyForDeploymentPostprocessing = 0;
		};
		28F6B4A61CF07EC9002D76D0 /* Copy Files */ = {
			isa = PBXCopyFilesBuildPhase;
			buildActionMask = 2147483647;
			dstPath = "include/$(PRODUCT_NAME)";
			dstSubfolderSpec = 16;
			files = (
			);
			name = "Copy Files";
			runOnlyForDeploymentPostprocessing = 0;
		};
		28F6B4B41CF07F32002D76D0 /* CopyFiles */ = {
			isa = PBXCopyFilesBuildPhase;
			buildActionMask = 2147483647;
			dstPath = "include/$(PRODUCT_NAME)";
			dstSubfolderSpec = 16;
			files = (
			);
			runOnlyForDeploymentPostprocessing = 0;
		};
/* End PBXCopyFilesBuildPhase section */

/* Begin PBXFileReference section */
		283422CA1CF8EF8C0088B634 /* MacPlus4M.framework */ = {isa = PBXFileReference; explicitFileType = wrapper.framework; includeInIndex = 0; path = MacPlus4M.framework; sourceTree = BUILT_PRODUCTS_DIR; };
		283422CE1CF8EF8C0088B634 /* Info.plist */ = {isa = PBXFileReference; lastKnownFileType = text.plist.xml; path = Info.plist; sourceTree = "<group>"; };
		283422D71CF8EFD80088B634 /* EmulatorProtocol.h */ = {isa = PBXFileReference; lastKnownFileType = sourcecode.c.h; path = EmulatorProtocol.h; sourceTree = "<group>"; };
		283422E71CF8F1C80088B634 /* CNFGGLOB.h */ = {isa = PBXFileReference; fileEncoding = 4; lastKnownFileType = sourcecode.c.h; path = CNFGGLOB.h; sourceTree = "<group>"; };
		283422E81CF8F1C80088B634 /* CNFGRAPI.h */ = {isa = PBXFileReference; fileEncoding = 4; lastKnownFileType = sourcecode.c.h; path = CNFGRAPI.h; sourceTree = "<group>"; };
		283422E91CF8F1C80088B634 /* EMCONFIG.h */ = {isa = PBXFileReference; fileEncoding = 4; lastKnownFileType = sourcecode.c.h; path = EMCONFIG.h; sourceTree = "<group>"; };
		283422F11CF8F5400088B634 /* Emulator.h */ = {isa = PBXFileReference; fileEncoding = 4; lastKnownFileType = sourcecode.c.h; path = Emulator.h; sourceTree = "<group>"; };
		283422F21CF8F5400088B634 /* Emulator.m */ = {isa = PBXFileReference; fileEncoding = 4; lastKnownFileType = sourcecode.c.objc; path = Emulator.m; sourceTree = "<group>"; };
		283423221CF9C0F10088B634 /* ACTVCODE.h */ = {isa = PBXFileReference; lastKnownFileType = sourcecode.c.h; lineEnding = 0; path = ACTVCODE.h; sourceTree = "<group>"; };
		283423231CF9C0F10088B634 /* ADBEMDEV.c */ = {isa = PBXFileReference; lastKnownFileType = sourcecode.c.c; lineEnding = 0; path = ADBEMDEV.c; sourceTree = "<group>"; };
		283423241CF9C0F10088B634 /* ADBEMDEV.h */ = {isa = PBXFileReference; lastKnownFileType = sourcecode.c.h; lineEnding = 0; path = ADBEMDEV.h; sourceTree = "<group>"; };
		283423251CF9C0F10088B634 /* ADBSHARE.h */ = {isa = PBXFileReference; lastKnownFileType = sourcecode.c.h; lineEnding = 0; path = ADBSHARE.h; sourceTree = "<group>"; };
		283423261CF9C0F10088B634 /* ALTKEYSM.h */ = {isa = PBXFileReference; lastKnownFileType = sourcecode.c.h; lineEnding = 0; path = ALTKEYSM.h; sourceTree = "<group>"; };
		283423271CF9C0F10088B634 /* ASCEMDEV.c */ = {isa = PBXFileReference; lastKnownFileType = sourcecode.c.c; lineEnding = 0; path = ASCEMDEV.c; sourceTree = "<group>"; };
		283423281CF9C0F10088B634 /* ASCEMDEV.h */ = {isa = PBXFileReference; lastKnownFileType = sourcecode.c.h; lineEnding = 0; path = ASCEMDEV.h; sourceTree = "<group>"; };
		283423291CF9C0F10088B634 /* BPFILTER.h */ = {isa = PBXFileReference; lastKnownFileType = sourcecode.c.h; lineEnding = 0; path = BPFILTER.h; sourceTree = "<group>"; };
		2834232A1CF9C0F10088B634 /* COMOSGLU.h */ = {isa = PBXFileReference; lastKnownFileType = sourcecode.c.h; lineEnding = 0; path = COMOSGLU.h; sourceTree = "<group>"; };
		2834232B1CF9C0F10088B634 /* CONTROLM.h */ = {isa = PBXFileReference; lastKnownFileType = sourcecode.c.h; lineEnding = 0; path = CONTROLM.h; sourceTree = "<group>"; };
		2834232C1CF9C0F10088B634 /* DATE2SEC.h */ = {isa = PBXFileReference; lastKnownFileType = sourcecode.c.h; lineEnding = 0; path = DATE2SEC.h; sourceTree = "<group>"; };
		2834232D1CF9C0F10088B634 /* DISAM68K.c */ = {isa = PBXFileReference; lastKnownFileType = sourcecode.c.c; lineEnding = 0; path = DISAM68K.c; sourceTree = "<group>"; };
		2834232E1CF9C0F10088B634 /* DISAM68K.h */ = {isa = PBXFileReference; lastKnownFileType = sourcecode.c.h; lineEnding = 0; path = DISAM68K.h; sourceTree = "<group>"; };
		2834232F1CF9C0F10088B634 /* ENDIANAC.h */ = {isa = PBXFileReference; lastKnownFileType = sourcecode.c.h; lineEnding = 0; path = ENDIANAC.h; sourceTree = "<group>"; };
		283423301CF9C0F10088B634 /* FB1BPP2I.h */ = {isa = PBXFileReference; lastKnownFileType = sourcecode.c.h; lineEnding = 0; path = FB1BPP2I.h; sourceTree = "<group>"; };
		283423311CF9C0F10088B634 /* FPCPEMDV.h */ = {isa = PBXFileReference; lastKnownFileType = sourcecode.c.h; lineEnding = 0; path = FPCPEMDV.h; sourceTree = "<group>"; };
		283423321CF9C0F10088B634 /* FPMATHEM.h */ = {isa = PBXFileReference; lastKnownFileType = sourcecode.c.h; lineEnding = 0; path = FPMATHEM.h; sourceTree = "<group>"; };
		283423331CF9C0F10088B634 /* FPMATHNT.h */ = {isa = PBXFileReference; lastKnownFileType = sourcecode.c.h; lineEnding = 0; path = FPMATHNT.h; sourceTree = "<group>"; };
		283423341CF9C0F10088B634 /* GLOBGLUE.c */ = {isa = PBXFileReference; lastKnownFileType = sourcecode.c.c; lineEnding = 0; path = GLOBGLUE.c; sourceTree = "<group>"; };
		283423351CF9C0F10088B634 /* GLOBGLUE.h */ = {isa = PBXFileReference; lastKnownFileType = sourcecode.c.h; lineEnding = 0; path = GLOBGLUE.h; sourceTree = "<group>"; };
		283423361CF9C0F10088B634 /* INTLCHAR.h */ = {isa = PBXFileReference; lastKnownFileType = sourcecode.c.h; lineEnding = 0; path = INTLCHAR.h; sourceTree = "<group>"; };
		283423371CF9C0F10088B634 /* IWMEMDEV.c */ = {isa = PBXFileReference; lastKnownFileType = sourcecode.c.c; lineEnding = 0; path = IWMEMDEV.c; sourceTree = "<group>"; };
		283423381CF9C0F10088B634 /* IWMEMDEV.h */ = {isa = PBXFileReference; lastKnownFileType = sourcecode.c.h; lineEnding = 0; path = IWMEMDEV.h; sourceTree = "<group>"; };
		283423391CF9C0F10088B634 /* KBRDEMDV.c */ = {isa = PBXFileReference; lastKnownFileType = sourcecode.c.c; lineEnding = 0; path = KBRDEMDV.c; sourceTree = "<group>"; };
		2834233A1CF9C0F10088B634 /* KBRDEMDV.h */ = {isa = PBXFileReference; lastKnownFileType = sourcecode.c.h; lineEnding = 0; path = KBRDEMDV.h; sourceTree = "<group>"; };
		2834233B1CF9C0F10088B634 /* M68KITAB.c */ = {isa = PBXFileReference; lastKnownFileType = sourcecode.c.c; lineEnding = 0; path = M68KITAB.c; sourceTree = "<group>"; };
		2834233C1CF9C0F10088B634 /* M68KITAB.h */ = {isa = PBXFileReference; lastKnownFileType = sourcecode.c.h; lineEnding = 0; path = M68KITAB.h; sourceTree = "<group>"; };
		2834233D1CF9C0F10088B634 /* MINEM68K.c */ = {isa = PBXFileReference; lastKnownFileType = sourcecode.c.c; lineEnding = 0; path = MINEM68K.c; sourceTree = "<group>"; };
		2834233E1CF9C0F10088B634 /* MINEM68K.h */ = {isa = PBXFileReference; lastKnownFileType = sourcecode.c.h; lineEnding = 0; path = MINEM68K.h; sourceTree = "<group>"; };
		2834233F1CF9C0F10088B634 /* MOUSEMDV.c */ = {isa = PBXFileReference; lastKnownFileType = sourcecode.c.c; lineEnding = 0; path = MOUSEMDV.c; sourceTree = "<group>"; };
		283423401CF9C0F10088B634 /* MOUSEMDV.h */ = {isa = PBXFileReference; lastKnownFileType = sourcecode.c.h; lineEnding = 0; path = MOUSEMDV.h; sourceTree = "<group>"; };
		283423411CF9C0F10088B634 /* MYOSGLUE.h */ = {isa = PBXFileReference; lastKnownFileType = sourcecode.c.h; lineEnding = 0; path = MYOSGLUE.h; sourceTree = "<group>"; };
		283423421CF9C0F10088B634 /* PMUEMDEV.c */ = {isa = PBXFileReference; lastKnownFileType = sourcecode.c.c; lineEnding = 0; path = PMUEMDEV.c; sourceTree = "<group>"; };
		283423431CF9C0F10088B634 /* PMUEMDEV.h */ = {isa = PBXFileReference; lastKnownFileType = sourcecode.c.h; lineEnding = 0; path = PMUEMDEV.h; sourceTree = "<group>"; };
		283423441CF9C0F10088B634 /* PROGMAIN.c */ = {isa = PBXFileReference; lastKnownFileType = sourcecode.c.c; lineEnding = 0; path = PROGMAIN.c; sourceTree = "<group>"; };
		283423451CF9C0F10088B634 /* PROGMAIN.h */ = {isa = PBXFileReference; lastKnownFileType = sourcecode.c.h; lineEnding = 0; path = PROGMAIN.h; sourceTree = "<group>"; };
		283423461CF9C0F10088B634 /* ROMEMDEV.c */ = {isa = PBXFileReference; lastKnownFileType = sourcecode.c.c; lineEnding = 0; path = ROMEMDEV.c; sourceTree = "<group>"; };
		283423471CF9C0F10088B634 /* ROMEMDEV.h */ = {isa = PBXFileReference; lastKnownFileType = sourcecode.c.h; lineEnding = 0; path = ROMEMDEV.h; sourceTree = "<group>"; };
		283423481CF9C0F10088B634 /* RTCEMDEV.c */ = {isa = PBXFileReference; lastKnownFileType = sourcecode.c.c; lineEnding = 0; path = RTCEMDEV.c; sourceTree = "<group>"; };
		283423491CF9C0F10088B634 /* RTCEMDEV.h */ = {isa = PBXFileReference; lastKnownFileType = sourcecode.c.h; lineEnding = 0; path = RTCEMDEV.h; sourceTree = "<group>"; };
		2834234A1CF9C0F10088B634 /* SCCEMDEV.c */ = {isa = PBXFileReference; lastKnownFileType = sourcecode.c.c; lineEnding = 0; path = SCCEMDEV.c; sourceTree = "<group>"; };
		2834234B1CF9C0F10088B634 /* SCCEMDEV.h */ = {isa = PBXFileReference; lastKnownFileType = sourcecode.c.h; lineEnding = 0; path = SCCEMDEV.h; sourceTree = "<group>"; };
		2834234C1CF9C0F10088B634 /* SCRNEMDV.c */ = {isa = PBXFileReference; lastKnownFileType = sourcecode.c.c; lineEnding = 0; path = SCRNEMDV.c; sourceTree = "<group>"; };
		2834234D1CF9C0F10088B634 /* SCRNEMDV.h */ = {isa = PBXFileReference; lastKnownFileType = sourcecode.c.h; lineEnding = 0; path = SCRNEMDV.h; sourceTree = "<group>"; };
		2834234E1CF9C0F10088B634 /* SCRNHACK.h */ = {isa = PBXFileReference; lastKnownFileType = sourcecode.c.h; lineEnding = 0; path = SCRNHACK.h; sourceTree = "<group>"; };
		2834234F1CF9C0F10088B634 /* SCRNMAPR.h */ = {isa = PBXFileReference; lastKnownFileType = sourcecode.c.h; lineEnding = 0; path = SCRNMAPR.h; sourceTree = "<group>"; };
		283423501CF9C0F10088B634 /* SCRNTRNS.h */ = {isa = PBXFileReference; lastKnownFileType = sourcecode.c.h; lineEnding = 0; path = SCRNTRNS.h; sourceTree = "<group>"; };
		283423511CF9C0F10088B634 /* SCSIEMDV.c */ = {isa = PBXFileReference; lastKnownFileType = sourcecode.c.c; lineEnding = 0; path = SCSIEMDV.c; sourceTree = "<group>"; };
		283423521CF9C0F10088B634 /* SCSIEMDV.h */ = {isa = PBXFileReference; lastKnownFileType = sourcecode.c.h; lineEnding = 0; path = SCSIEMDV.h; sourceTree = "<group>"; };
		283423531CF9C0F10088B634 /* SNDEMDEV.c */ = {isa = PBXFileReference; lastKnownFileType = sourcecode.c.c; lineEnding = 0; path = SNDEMDEV.c; sourceTree = "<group>"; };
		283423541CF9C0F10088B634 /* SNDEMDEV.h */ = {isa = PBXFileReference; lastKnownFileType = sourcecode.c.h; lineEnding = 0; path = SNDEMDEV.h; sourceTree = "<group>"; };
		283423551CF9C0F10088B634 /* SONYEMDV.c */ = {isa = PBXFileReference; lastKnownFileType = sourcecode.c.c; lineEnding = 0; path = SONYEMDV.c; sourceTree = "<group>"; };
		283423561CF9C0F10088B634 /* SONYEMDV.h */ = {isa = PBXFileReference; lastKnownFileType = sourcecode.c.h; lineEnding = 0; path = SONYEMDV.h; sourceTree = "<group>"; };
		283423571CF9C0F10088B634 /* STRCONST.h */ = {isa = PBXFileReference; lastKnownFileType = sourcecode.c.h; lineEnding = 0; path = STRCONST.h; sourceTree = "<group>"; };
		283423581CF9C0F10088B634 /* SYSDEPNS.h */ = {isa = PBXFileReference; lastKnownFileType = sourcecode.c.h; lineEnding = 0; path = SYSDEPNS.h; sourceTree = "<group>"; };
		283423591CF9C0F10088B634 /* VIA2EMDV.c */ = {isa = PBXFileReference; lastKnownFileType = sourcecode.c.c; lineEnding = 0; path = VIA2EMDV.c; sourceTree = "<group>"; };
		2834235A1CF9C0F10088B634 /* VIA2EMDV.h */ = {isa = PBXFileReference; lastKnownFileType = sourcecode.c.h; lineEnding = 0; path = VIA2EMDV.h; sourceTree = "<group>"; };
		2834235B1CF9C0F10088B634 /* VIAEMDEV.c */ = {isa = PBXFileReference; lastKnownFileType = sourcecode.c.c; lineEnding = 0; path = VIAEMDEV.c; sourceTree = "<group>"; };
		2834235C1CF9C0F10088B634 /* VIAEMDEV.h */ = {isa = PBXFileReference; lastKnownFileType = sourcecode.c.h; lineEnding = 0; path = VIAEMDEV.h; sourceTree = "<group>"; };
		2834235D1CF9C0F10088B634 /* VIDEMDEV.c */ = {isa = PBXFileReference; lastKnownFileType = sourcecode.c.c; lineEnding = 0; path = VIDEMDEV.c; sourceTree = "<group>"; };
		2834235E1CF9C0F10088B634 /* VIDEMDEV.h */ = {isa = PBXFileReference; lastKnownFileType = sourcecode.c.h; lineEnding = 0; path = VIDEMDEV.h; sourceTree = "<group>"; };
		283423961CF9C4CB0088B634 /* MacII.framework */ = {isa = PBXFileReference; explicitFileType = wrapper.framework; includeInIndex = 0; path = MacII.framework; sourceTree = BUILT_PRODUCTS_DIR; };
		283423991CF9C5380088B634 /* CNFGGLOB.h */ = {isa = PBXFileReference; fileEncoding = 4; lastKnownFileType = sourcecode.c.h; path = CNFGGLOB.h; sourceTree = "<group>"; };
		2834239A1CF9C5380088B634 /* CNFGRAPI.h */ = {isa = PBXFileReference; fileEncoding = 4; lastKnownFileType = sourcecode.c.h; path = CNFGRAPI.h; sourceTree = "<group>"; };
		2834239B1CF9C5380088B634 /* EMCONFIG.h */ = {isa = PBXFileReference; fileEncoding = 4; lastKnownFileType = sourcecode.c.h; path = EMCONFIG.h; sourceTree = "<group>"; };
		2834239C1CF9C5380088B634 /* Info.plist */ = {isa = PBXFileReference; fileEncoding = 4; lastKnownFileType = text.plist.xml; path = Info.plist; sourceTree = "<group>"; };
		283423E31CFA32800088B634 /* MacPlus.png */ = {isa = PBXFileReference; lastKnownFileType = image.png; path = MacPlus.png; sourceTree = "<group>"; };
		283423E41CFA32800088B634 /* MacPlus@2x.png */ = {isa = PBXFileReference; lastKnownFileType = image.png; path = "MacPlus@2x.png"; sourceTree = "<group>"; };
		283423E51CFA32800088B634 /* MacPlus@3x.png */ = {isa = PBXFileReference; lastKnownFileType = image.png; path = "MacPlus@3x.png"; sourceTree = "<group>"; };
		283423EC1CFA329C0088B634 /* MacII.png */ = {isa = PBXFileReference; lastKnownFileType = image.png; path = MacII.png; sourceTree = "<group>"; };
		283423ED1CFA329C0088B634 /* MacII@2x.png */ = {isa = PBXFileReference; lastKnownFileType = image.png; path = "MacII@2x.png"; sourceTree = "<group>"; };
		283423EE1CFA329C0088B634 /* MacII@3x.png */ = {isa = PBXFileReference; lastKnownFileType = image.png; path = "MacII@3x.png"; sourceTree = "<group>"; };
		28848B601CDE97D600B86C45 /* InsertDiskViewController.h */ = {isa = PBXFileReference; fileEncoding = 4; lastKnownFileType = sourcecode.c.h; path = InsertDiskViewController.h; sourceTree = "<group>"; };
		28848B611CDE97D600B86C45 /* InsertDiskViewController.m */ = {isa = PBXFileReference; fileEncoding = 4; lastKnownFileType = sourcecode.c.objc; path = InsertDiskViewController.m; sourceTree = "<group>"; };
		28848B631CDE97E900B86C45 /* SettingsViewController.h */ = {isa = PBXFileReference; fileEncoding = 4; lastKnownFileType = sourcecode.c.h; path = SettingsViewController.h; sourceTree = "<group>"; };
		28848B641CDE97E900B86C45 /* SettingsViewController.m */ = {isa = PBXFileReference; fileEncoding = 4; lastKnownFileType = sourcecode.c.objc; path = SettingsViewController.m; sourceTree = "<group>"; };
		28BA89741CE7315400A98104 /* KBKey.h */ = {isa = PBXFileReference; fileEncoding = 4; lastKnownFileType = sourcecode.c.h; path = KBKey.h; sourceTree = "<group>"; };
		28BA89751CE7315400A98104 /* KBKey.m */ = {isa = PBXFileReference; fileEncoding = 4; lastKnownFileType = sourcecode.c.objc; path = KBKey.m; sourceTree = "<group>"; };
		28BA89761CE7315400A98104 /* KBKeyboardLayout.h */ = {isa = PBXFileReference; fileEncoding = 4; lastKnownFileType = sourcecode.c.h; path = KBKeyboardLayout.h; sourceTree = "<group>"; };
		28BA89771CE7315400A98104 /* KBKeyboardLayout.m */ = {isa = PBXFileReference; fileEncoding = 4; lastKnownFileType = sourcecode.c.objc; path = KBKeyboardLayout.m; sourceTree = "<group>"; };
		28BA89781CE7315400A98104 /* KBKeyboardView.h */ = {isa = PBXFileReference; fileEncoding = 4; lastKnownFileType = sourcecode.c.h; path = KBKeyboardView.h; sourceTree = "<group>"; };
		28BA89791CE7315400A98104 /* KBKeyboardView.m */ = {isa = PBXFileReference; fileEncoding = 4; lastKnownFileType = sourcecode.c.objc; path = KBKeyboardView.m; sourceTree = "<group>"; };
		28BA89811CE7336500A98104 /* Keyboard Layouts */ = {isa = PBXFileReference; lastKnownFileType = folder; path = "Keyboard Layouts"; sourceTree = "<group>"; };
		28BA89831CE73E7200A98104 /* TrackPad.h */ = {isa = PBXFileReference; fileEncoding = 4; lastKnownFileType = sourcecode.c.h; path = TrackPad.h; sourceTree = "<group>"; };
		28BA89841CE73E7200A98104 /* TrackPad.m */ = {isa = PBXFileReference; fileEncoding = 4; lastKnownFileType = sourcecode.c.objc; path = TrackPad.m; sourceTree = "<group>"; };
		28BA89861CE73FBC00A98104 /* MNVMApplication.h */ = {isa = PBXFileReference; fileEncoding = 4; lastKnownFileType = sourcecode.c.h; path = MNVMApplication.h; sourceTree = "<group>"; };
		28BA89871CE73FBC00A98104 /* MNVMApplication.m */ = {isa = PBXFileReference; fileEncoding = 4; lastKnownFileType = sourcecode.c.objc; path = MNVMApplication.m; sourceTree = "<group>"; };
		28CE8ECB1CD4CDC500FE25A8 /* MYOSGLUE.m */ = {isa = PBXFileReference; fileEncoding = 4; lastKnownFileType = sourcecode.c.objc; path = MYOSGLUE.m; sourceTree = "<group>"; };
		28CE8ED41CD4F56C00FE25A8 /* ScreenView.h */ = {isa = PBXFileReference; fileEncoding = 4; lastKnownFileType = sourcecode.c.h; path = ScreenView.h; sourceTree = "<group>"; };
		28CE8ED51CD4F56C00FE25A8 /* ScreenView.m */ = {isa = PBXFileReference; fileEncoding = 4; lastKnownFileType = sourcecode.c.objc; path = ScreenView.m; sourceTree = "<group>"; };
		28D5A3FB1CD6868E001A33F6 /* TouchScreen.h */ = {isa = PBXFileReference; fileEncoding = 4; lastKnownFileType = sourcecode.c.h; path = TouchScreen.h; sourceTree = "<group>"; };
		28D5A3FC1CD6868E001A33F6 /* TouchScreen.m */ = {isa = PBXFileReference; fileEncoding = 4; lastKnownFileType = sourcecode.c.objc; path = TouchScreen.m; sourceTree = "<group>"; };
		28F676BD1CD15E0B00FC6FA6 /* Mini vMac.app */ = {isa = PBXFileReference; explicitFileType = wrapper.application; includeInIndex = 0; path = "Mini vMac.app"; sourceTree = BUILT_PRODUCTS_DIR; };
		28F676C11CD15E0B00FC6FA6 /* main.m */ = {isa = PBXFileReference; lastKnownFileType = sourcecode.c.objc; path = main.m; sourceTree = "<group>"; };
		28F676C31CD15E0B00FC6FA6 /* AppDelegate.h */ = {isa = PBXFileReference; lastKnownFileType = sourcecode.c.h; path = AppDelegate.h; sourceTree = "<group>"; };
		28F676C41CD15E0B00FC6FA6 /* AppDelegate.m */ = {isa = PBXFileReference; lastKnownFileType = sourcecode.c.objc; path = AppDelegate.m; sourceTree = "<group>"; };
		28F676C61CD15E0B00FC6FA6 /* ViewController.h */ = {isa = PBXFileReference; lastKnownFileType = sourcecode.c.h; path = ViewController.h; sourceTree = "<group>"; };
		28F676C71CD15E0B00FC6FA6 /* ViewController.m */ = {isa = PBXFileReference; lastKnownFileType = sourcecode.c.objc; path = ViewController.m; sourceTree = "<group>"; };
		28F676CA1CD15E0B00FC6FA6 /* Base */ = {isa = PBXFileReference; lastKnownFileType = file.storyboard; name = Base; path = Base.lproj/Main.storyboard; sourceTree = "<group>"; };
		28F676CC1CD15E0B00FC6FA6 /* Assets.xcassets */ = {isa = PBXFileReference; lastKnownFileType = folder.assetcatalog; path = Assets.xcassets; sourceTree = "<group>"; };
		28F676CF1CD15E0B00FC6FA6 /* Base */ = {isa = PBXFileReference; lastKnownFileType = file.storyboard; name = Base; path = Base.lproj/LaunchScreen.storyboard; sourceTree = "<group>"; };
		28F676D11CD15E0B00FC6FA6 /* Info.plist */ = {isa = PBXFileReference; lastKnownFileType = text.plist.xml; path = Info.plist; sourceTree = "<group>"; };
		28F6B4501CF07C48002D76D0 /* UIImage+DiskImageIcon.h */ = {isa = PBXFileReference; fileEncoding = 4; lastKnownFileType = sourcecode.c.h; path = "UIImage+DiskImageIcon.h"; sourceTree = "<group>"; };
		28F6B4511CF07C48002D76D0 /* UIImage+DiskImageIcon.m */ = {isa = PBXFileReference; fileEncoding = 4; lastKnownFileType = sourcecode.c.objc; path = "UIImage+DiskImageIcon.m"; sourceTree = "<group>"; };
		28F6B4561CF07CB3002D76D0 /* libres_internal.h */ = {isa = PBXFileReference; fileEncoding = 4; lastKnownFileType = sourcecode.c.h; path = libres_internal.h; sourceTree = "<group>"; };
		28F6B4571CF07CB3002D76D0 /* res.c */ = {isa = PBXFileReference; fileEncoding = 4; lastKnownFileType = sourcecode.c.c; path = res.c; sourceTree = "<group>"; };
		28F6B4581CF07CB3002D76D0 /* res.h */ = {isa = PBXFileReference; fileEncoding = 4; lastKnownFileType = sourcecode.c.h; path = res.h; sourceTree = "<group>"; };
		28F6B45A1CF07CBF002D76D0 /* appledouble.h */ = {isa = PBXFileReference; fileEncoding = 4; lastKnownFileType = sourcecode.c.h; path = appledouble.h; sourceTree = "<group>"; };
		28F6B45B1CF07CBF002D76D0 /* fobj.h */ = {isa = PBXFileReference; fileEncoding = 4; lastKnownFileType = sourcecode.c.h; path = fobj.h; sourceTree = "<group>"; };
		28F6B45C1CF07CBF002D76D0 /* mfs.c */ = {isa = PBXFileReference; fileEncoding = 4; lastKnownFileType = sourcecode.c.c; path = mfs.c; sourceTree = "<group>"; };
		28F6B45D1CF07CBF002D76D0 /* mfs.h */ = {isa = PBXFileReference; fileEncoding = 4; lastKnownFileType = sourcecode.c.h; path = mfs.h; sourceTree = "<group>"; };
		28F6B45F1CF07CC9002D76D0 /* acconfig.h */ = {isa = PBXFileReference; fileEncoding = 4; lastKnownFileType = sourcecode.c.h; path = acconfig.h; sourceTree = "<group>"; };
		28F6B4601CF07CC9002D76D0 /* apple.h */ = {isa = PBXFileReference; fileEncoding = 4; lastKnownFileType = sourcecode.c.h; path = apple.h; sourceTree = "<group>"; };
		28F6B4611CF07CC9002D76D0 /* block.c */ = {isa = PBXFileReference; fileEncoding = 4; lastKnownFileType = sourcecode.c.c; path = block.c; sourceTree = "<group>"; };
		28F6B4621CF07CC9002D76D0 /* block.h */ = {isa = PBXFileReference; fileEncoding = 4; lastKnownFileType = sourcecode.c.h; path = block.h; sourceTree = "<group>"; };
		28F6B4631CF07CC9002D76D0 /* btree.c */ = {isa = PBXFileReference; fileEncoding = 4; lastKnownFileType = sourcecode.c.c; path = btree.c; sourceTree = "<group>"; };
		28F6B4641CF07CC9002D76D0 /* btree.h */ = {isa = PBXFileReference; fileEncoding = 4; lastKnownFileType = sourcecode.c.h; path = btree.h; sourceTree = "<group>"; };
		28F6B4651CF07CC9002D76D0 /* config.h */ = {isa = PBXFileReference; fileEncoding = 4; lastKnownFileType = sourcecode.c.h; path = config.h; sourceTree = "<group>"; };
		28F6B4661CF07CC9002D76D0 /* data.c */ = {isa = PBXFileReference; fileEncoding = 4; lastKnownFileType = sourcecode.c.c; path = data.c; sourceTree = "<group>"; };
		28F6B4671CF07CC9002D76D0 /* data.h */ = {isa = PBXFileReference; fileEncoding = 4; lastKnownFileType = sourcecode.c.h; path = data.h; sourceTree = "<group>"; };
		28F6B4681CF07CC9002D76D0 /* file.c */ = {isa = PBXFileReference; fileEncoding = 4; lastKnownFileType = sourcecode.c.c; path = file.c; sourceTree = "<group>"; };
		28F6B4691CF07CC9002D76D0 /* file.h */ = {isa = PBXFileReference; fileEncoding = 4; lastKnownFileType = sourcecode.c.h; path = file.h; sourceTree = "<group>"; };
		28F6B46A1CF07CC9002D76D0 /* hfs.c */ = {isa = PBXFileReference; fileEncoding = 4; lastKnownFileType = sourcecode.c.c; path = hfs.c; sourceTree = "<group>"; };
		28F6B46B1CF07CC9002D76D0 /* hfs.h */ = {isa = PBXFileReference; fileEncoding = 4; lastKnownFileType = sourcecode.c.h; path = hfs.h; sourceTree = "<group>"; };
		28F6B46C1CF07CC9002D76D0 /* libhfs.h */ = {isa = PBXFileReference; fileEncoding = 4; lastKnownFileType = sourcecode.c.h; path = libhfs.h; sourceTree = "<group>"; };
		28F6B46D1CF07CC9002D76D0 /* low.c */ = {isa = PBXFileReference; fileEncoding = 4; lastKnownFileType = sourcecode.c.c; path = low.c; sourceTree = "<group>"; };
		28F6B46E1CF07CC9002D76D0 /* low.h */ = {isa = PBXFileReference; fileEncoding = 4; lastKnownFileType = sourcecode.c.h; path = low.h; sourceTree = "<group>"; };
		28F6B46F1CF07CC9002D76D0 /* medium.c */ = {isa = PBXFileReference; fileEncoding = 4; lastKnownFileType = sourcecode.c.c; path = medium.c; sourceTree = "<group>"; };
		28F6B4701CF07CC9002D76D0 /* medium.h */ = {isa = PBXFileReference; fileEncoding = 4; lastKnownFileType = sourcecode.c.h; path = medium.h; sourceTree = "<group>"; };
		28F6B4711CF07CC9002D76D0 /* memcmp.c */ = {isa = PBXFileReference; fileEncoding = 4; lastKnownFileType = sourcecode.c.c; path = memcmp.c; sourceTree = "<group>"; };
		28F6B4721CF07CC9002D76D0 /* node.c */ = {isa = PBXFileReference; fileEncoding = 4; lastKnownFileType = sourcecode.c.c; path = node.c; sourceTree = "<group>"; };
		28F6B4731CF07CC9002D76D0 /* node.h */ = {isa = PBXFileReference; fileEncoding = 4; lastKnownFileType = sourcecode.c.h; path = node.h; sourceTree = "<group>"; };
		28F6B4751CF07CC9002D76D0 /* unix.c */ = {isa = PBXFileReference; fileEncoding = 4; lastKnownFileType = sourcecode.c.c; path = unix.c; sourceTree = "<group>"; };
		28F6B4761CF07CC9002D76D0 /* os.h */ = {isa = PBXFileReference; fileEncoding = 4; lastKnownFileType = sourcecode.c.h; path = os.h; sourceTree = "<group>"; };
		28F6B4771CF07CC9002D76D0 /* record.c */ = {isa = PBXFileReference; fileEncoding = 4; lastKnownFileType = sourcecode.c.c; path = record.c; sourceTree = "<group>"; };
		28F6B4781CF07CC9002D76D0 /* record.h */ = {isa = PBXFileReference; fileEncoding = 4; lastKnownFileType = sourcecode.c.h; path = record.h; sourceTree = "<group>"; };
		28F6B4791CF07CC9002D76D0 /* version.c */ = {isa = PBXFileReference; fileEncoding = 4; lastKnownFileType = sourcecode.c.c; path = version.c; sourceTree = "<group>"; };
		28F6B47A1CF07CC9002D76D0 /* version.h */ = {isa = PBXFileReference; fileEncoding = 4; lastKnownFileType = sourcecode.c.h; path = version.h; sourceTree = "<group>"; };
		28F6B47B1CF07CC9002D76D0 /* volume.c */ = {isa = PBXFileReference; fileEncoding = 4; lastKnownFileType = sourcecode.c.c; path = volume.c; sourceTree = "<group>"; };
		28F6B47C1CF07CC9002D76D0 /* volume.h */ = {isa = PBXFileReference; fileEncoding = 4; lastKnownFileType = sourcecode.c.h; path = volume.h; sourceTree = "<group>"; };
		28F6B48E1CF07DDD002D76D0 /* liblibhfs.a */ = {isa = PBXFileReference; explicitFileType = archive.ar; includeInIndex = 0; path = liblibhfs.a; sourceTree = BUILT_PRODUCTS_DIR; };
		28F6B4A81CF07EC9002D76D0 /* liblibmfs.a */ = {isa = PBXFileReference; explicitFileType = archive.ar; includeInIndex = 0; path = liblibmfs.a; sourceTree = BUILT_PRODUCTS_DIR; };
		28F6B4B61CF07F32002D76D0 /* liblibres.a */ = {isa = PBXFileReference; explicitFileType = archive.ar; includeInIndex = 0; path = liblibres.a; sourceTree = BUILT_PRODUCTS_DIR; };
		28F6B4C91CF1FA7A002D76D0 /* about.plist */ = {isa = PBXFileReference; fileEncoding = 4; lastKnownFileType = text.plist.xml; path = about.plist; sourceTree = "<group>"; };
		28F6B4CE1CF77099002D76D0 /* compat.m */ = {isa = PBXFileReference; fileEncoding = 4; lastKnownFileType = sourcecode.c.objc; path = compat.m; sourceTree = "<group>"; };
/* End PBXFileReference section */

/* Begin PBXFrameworksBuildPhase section */
		283422C61CF8EF8C0088B634 /* Frameworks */ = {
			isa = PBXFrameworksBuildPhase;
			buildActionMask = 2147483647;
			files = (
			);
			runOnlyForDeploymentPostprocessing = 0;
		};
		283423901CF9C4CB0088B634 /* Frameworks */ = {
			isa = PBXFrameworksBuildPhase;
			buildActionMask = 2147483647;
			files = (
			);
			runOnlyForDeploymentPostprocessing = 0;
		};
		28F676BA1CD15E0B00FC6FA6 /* Frameworks */ = {
			isa = PBXFrameworksBuildPhase;
			buildActionMask = 2147483647;
			files = (
				28F6B4C01CF07F5C002D76D0 /* liblibhfs.a in Frameworks */,
				28F6B4C11CF07F5C002D76D0 /* liblibmfs.a in Frameworks */,
				28F6B4C21CF07F5C002D76D0 /* liblibres.a in Frameworks */,
			);
			runOnlyForDeploymentPostprocessing = 0;
		};
		28F6B48B1CF07DDD002D76D0 /* Frameworks */ = {
			isa = PBXFrameworksBuildPhase;
			buildActionMask = 2147483647;
			files = (
			);
			runOnlyForDeploymentPostprocessing = 0;
		};
		28F6B4A51CF07EC9002D76D0 /* Frameworks */ = {
			isa = PBXFrameworksBuildPhase;
			buildActionMask = 2147483647;
			files = (
			);
			runOnlyForDeploymentPostprocessing = 0;
		};
		28F6B4B31CF07F32002D76D0 /* Frameworks */ = {
			isa = PBXFrameworksBuildPhase;
			buildActionMask = 2147483647;
			files = (
			);
			runOnlyForDeploymentPostprocessing = 0;
		};
/* End PBXFrameworksBuildPhase section */

/* Begin PBXGroup section */
		283422CB1CF8EF8C0088B634 /* MacPlus4M */ = {
			isa = PBXGroup;
			children = (
				283422E71CF8F1C80088B634 /* CNFGGLOB.h */,
				283422E81CF8F1C80088B634 /* CNFGRAPI.h */,
				283422E91CF8F1C80088B634 /* EMCONFIG.h */,
				283422CE1CF8EF8C0088B634 /* Info.plist */,
				283423E31CFA32800088B634 /* MacPlus.png */,
				283423E41CFA32800088B634 /* MacPlus@2x.png */,
				283423E51CFA32800088B634 /* MacPlus@3x.png */,
			);
			path = MacPlus4M;
			sourceTree = "<group>";
		};
		283422EF1CF8F33A0088B634 /* Emulator Bundles */ = {
			isa = PBXGroup;
			children = (
				283422F01CF8F3530088B634 /* Shared */,
				283422CB1CF8EF8C0088B634 /* MacPlus4M */,
				283423981CF9C5380088B634 /* MacII */,
			);
			name = "Emulator Bundles";
			sourceTree = "<group>";
		};
		283422F01CF8F3530088B634 /* Shared */ = {
			isa = PBXGroup;
			children = (
				283423211CF9C0F10088B634 /* mnvm_core */,
				283422D71CF8EFD80088B634 /* EmulatorProtocol.h */,
				283422F11CF8F5400088B634 /* Emulator.h */,
				283422F21CF8F5400088B634 /* Emulator.m */,
				28CE8ECB1CD4CDC500FE25A8 /* MYOSGLUE.m */,
			);
			name = Shared;
			sourceTree = "<group>";
		};
		283423211CF9C0F10088B634 /* mnvm_core */ = {
			isa = PBXGroup;
			children = (
				283423221CF9C0F10088B634 /* ACTVCODE.h */,
				283423231CF9C0F10088B634 /* ADBEMDEV.c */,
				283423241CF9C0F10088B634 /* ADBEMDEV.h */,
				283423251CF9C0F10088B634 /* ADBSHARE.h */,
				283423261CF9C0F10088B634 /* ALTKEYSM.h */,
				283423271CF9C0F10088B634 /* ASCEMDEV.c */,
				283423281CF9C0F10088B634 /* ASCEMDEV.h */,
				283423291CF9C0F10088B634 /* BPFILTER.h */,
				2834232A1CF9C0F10088B634 /* COMOSGLU.h */,
				2834232B1CF9C0F10088B634 /* CONTROLM.h */,
				2834232C1CF9C0F10088B634 /* DATE2SEC.h */,
				2834232D1CF9C0F10088B634 /* DISAM68K.c */,
				2834232E1CF9C0F10088B634 /* DISAM68K.h */,
				2834232F1CF9C0F10088B634 /* ENDIANAC.h */,
				283423301CF9C0F10088B634 /* FB1BPP2I.h */,
				283423311CF9C0F10088B634 /* FPCPEMDV.h */,
				283423321CF9C0F10088B634 /* FPMATHEM.h */,
				283423331CF9C0F10088B634 /* FPMATHNT.h */,
				283423341CF9C0F10088B634 /* GLOBGLUE.c */,
				283423351CF9C0F10088B634 /* GLOBGLUE.h */,
				283423361CF9C0F10088B634 /* INTLCHAR.h */,
				283423371CF9C0F10088B634 /* IWMEMDEV.c */,
				283423381CF9C0F10088B634 /* IWMEMDEV.h */,
				283423391CF9C0F10088B634 /* KBRDEMDV.c */,
				2834233A1CF9C0F10088B634 /* KBRDEMDV.h */,
				2834233B1CF9C0F10088B634 /* M68KITAB.c */,
				2834233C1CF9C0F10088B634 /* M68KITAB.h */,
				2834233D1CF9C0F10088B634 /* MINEM68K.c */,
				2834233E1CF9C0F10088B634 /* MINEM68K.h */,
				2834233F1CF9C0F10088B634 /* MOUSEMDV.c */,
				283423401CF9C0F10088B634 /* MOUSEMDV.h */,
				283423411CF9C0F10088B634 /* MYOSGLUE.h */,
				283423421CF9C0F10088B634 /* PMUEMDEV.c */,
				283423431CF9C0F10088B634 /* PMUEMDEV.h */,
				283423441CF9C0F10088B634 /* PROGMAIN.c */,
				283423451CF9C0F10088B634 /* PROGMAIN.h */,
				283423461CF9C0F10088B634 /* ROMEMDEV.c */,
				283423471CF9C0F10088B634 /* ROMEMDEV.h */,
				283423481CF9C0F10088B634 /* RTCEMDEV.c */,
				283423491CF9C0F10088B634 /* RTCEMDEV.h */,
				2834234A1CF9C0F10088B634 /* SCCEMDEV.c */,
				2834234B1CF9C0F10088B634 /* SCCEMDEV.h */,
				2834234C1CF9C0F10088B634 /* SCRNEMDV.c */,
				2834234D1CF9C0F10088B634 /* SCRNEMDV.h */,
				2834234E1CF9C0F10088B634 /* SCRNHACK.h */,
				2834234F1CF9C0F10088B634 /* SCRNMAPR.h */,
				283423501CF9C0F10088B634 /* SCRNTRNS.h */,
				283423511CF9C0F10088B634 /* SCSIEMDV.c */,
				283423521CF9C0F10088B634 /* SCSIEMDV.h */,
				283423531CF9C0F10088B634 /* SNDEMDEV.c */,
				283423541CF9C0F10088B634 /* SNDEMDEV.h */,
				283423551CF9C0F10088B634 /* SONYEMDV.c */,
				283423561CF9C0F10088B634 /* SONYEMDV.h */,
				283423571CF9C0F10088B634 /* STRCONST.h */,
				283423581CF9C0F10088B634 /* SYSDEPNS.h */,
				283423591CF9C0F10088B634 /* VIA2EMDV.c */,
				2834235A1CF9C0F10088B634 /* VIA2EMDV.h */,
				2834235B1CF9C0F10088B634 /* VIAEMDEV.c */,
				2834235C1CF9C0F10088B634 /* VIAEMDEV.h */,
				2834235D1CF9C0F10088B634 /* VIDEMDEV.c */,
				2834235E1CF9C0F10088B634 /* VIDEMDEV.h */,
			);
			path = mnvm_core;
			sourceTree = "<group>";
		};
		283423981CF9C5380088B634 /* MacII */ = {
			isa = PBXGroup;
			children = (
				283423991CF9C5380088B634 /* CNFGGLOB.h */,
				2834239A1CF9C5380088B634 /* CNFGRAPI.h */,
				2834239B1CF9C5380088B634 /* EMCONFIG.h */,
				2834239C1CF9C5380088B634 /* Info.plist */,
				283423EC1CFA329C0088B634 /* MacII.png */,
				283423ED1CFA329C0088B634 /* MacII@2x.png */,
				283423EE1CFA329C0088B634 /* MacII@3x.png */,
			);
			path = MacII;
			sourceTree = "<group>";
		};
		28BA896E1CE7314500A98104 /* Keyboard */ = {
			isa = PBXGroup;
			children = (
				28BA89811CE7336500A98104 /* Keyboard Layouts */,
				28BA89741CE7315400A98104 /* KBKey.h */,
				28BA89751CE7315400A98104 /* KBKey.m */,
				28BA89761CE7315400A98104 /* KBKeyboardLayout.h */,
				28BA89771CE7315400A98104 /* KBKeyboardLayout.m */,
				28BA89781CE7315400A98104 /* KBKeyboardView.h */,
				28BA89791CE7315400A98104 /* KBKeyboardView.m */,
			);
			name = Keyboard;
			sourceTree = "<group>";
		};
		28F676B41CD15E0B00FC6FA6 = {
			isa = PBXGroup;
			children = (
				28F676BF1CD15E0B00FC6FA6 /* Mini vMac */,
				28F676BE1CD15E0B00FC6FA6 /* Products */,
			);
			sourceTree = "<group>";
		};
		28F676BE1CD15E0B00FC6FA6 /* Products */ = {
			isa = PBXGroup;
			children = (
				28F676BD1CD15E0B00FC6FA6 /* Mini vMac.app */,
				28F6B48E1CF07DDD002D76D0 /* liblibhfs.a */,
				28F6B4A81CF07EC9002D76D0 /* liblibmfs.a */,
				28F6B4B61CF07F32002D76D0 /* liblibres.a */,
				283422CA1CF8EF8C0088B634 /* MacPlus4M.framework */,
				283423961CF9C4CB0088B634 /* MacII.framework */,
			);
			name = Products;
			sourceTree = "<group>";
		};
		28F676BF1CD15E0B00FC6FA6 /* Mini vMac */ = {
			isa = PBXGroup;
			children = (
				28F676C31CD15E0B00FC6FA6 /* AppDelegate.h */,
				28F676C41CD15E0B00FC6FA6 /* AppDelegate.m */,
				28BA89861CE73FBC00A98104 /* MNVMApplication.h */,
				28BA89871CE73FBC00A98104 /* MNVMApplication.m */,
				28CE8ED41CD4F56C00FE25A8 /* ScreenView.h */,
				28CE8ED51CD4F56C00FE25A8 /* ScreenView.m */,
				28D5A3FB1CD6868E001A33F6 /* TouchScreen.h */,
				28D5A3FC1CD6868E001A33F6 /* TouchScreen.m */,
				28BA89831CE73E7200A98104 /* TrackPad.h */,
				28BA89841CE73E7200A98104 /* TrackPad.m */,
				28F676C61CD15E0B00FC6FA6 /* ViewController.h */,
				28F676C71CD15E0B00FC6FA6 /* ViewController.m */,
				28848B601CDE97D600B86C45 /* InsertDiskViewController.h */,
				28848B611CDE97D600B86C45 /* InsertDiskViewController.m */,
				28848B631CDE97E900B86C45 /* SettingsViewController.h */,
				28848B641CDE97E900B86C45 /* SettingsViewController.m */,
				28F676C91CD15E0B00FC6FA6 /* Main.storyboard */,
				28F676CC1CD15E0B00FC6FA6 /* Assets.xcassets */,
				28BA896E1CE7314500A98104 /* Keyboard */,
				28F676CE1CD15E0B00FC6FA6 /* LaunchScreen.storyboard */,
				28F676D11CD15E0B00FC6FA6 /* Info.plist */,
				28F676C01CD15E0B00FC6FA6 /* Supporting Files */,
				28F6B4501CF07C48002D76D0 /* UIImage+DiskImageIcon.h */,
				28F6B4511CF07C48002D76D0 /* UIImage+DiskImageIcon.m */,
				28F6B4C91CF1FA7A002D76D0 /* about.plist */,
				28F6B4CE1CF77099002D76D0 /* compat.m */,
				283422EF1CF8F33A0088B634 /* Emulator Bundles */,
			);
			path = "Mini vMac";
			sourceTree = "<group>";
		};
		28F676C01CD15E0B00FC6FA6 /* Supporting Files */ = {
			isa = PBXGroup;
			children = (
				28F6B4551CF07C9A002D76D0 /* libhfs */,
				28F6B4541CF07C8D002D76D0 /* libmfs */,
				28F6B4531CF07C83002D76D0 /* libres */,
				28F676C11CD15E0B00FC6FA6 /* main.m */,
			);
			name = "Supporting Files";
			sourceTree = "<group>";
		};
		28F6B4531CF07C83002D76D0 /* libres */ = {
			isa = PBXGroup;
			children = (
				28F6B4561CF07CB3002D76D0 /* libres_internal.h */,
				28F6B4571CF07CB3002D76D0 /* res.c */,
				28F6B4581CF07CB3002D76D0 /* res.h */,
			);
			name = libres;
			path = ../libres;
			sourceTree = "<group>";
		};
		28F6B4541CF07C8D002D76D0 /* libmfs */ = {
			isa = PBXGroup;
			children = (
				28F6B45A1CF07CBF002D76D0 /* appledouble.h */,
				28F6B45B1CF07CBF002D76D0 /* fobj.h */,
				28F6B45C1CF07CBF002D76D0 /* mfs.c */,
				28F6B45D1CF07CBF002D76D0 /* mfs.h */,
			);
			name = libmfs;
			path = ../libmfs;
			sourceTree = "<group>";
		};
		28F6B4551CF07C9A002D76D0 /* libhfs */ = {
			isa = PBXGroup;
			children = (
				28F6B45F1CF07CC9002D76D0 /* acconfig.h */,
				28F6B4601CF07CC9002D76D0 /* apple.h */,
				28F6B4611CF07CC9002D76D0 /* block.c */,
				28F6B4621CF07CC9002D76D0 /* block.h */,
				28F6B4631CF07CC9002D76D0 /* btree.c */,
				28F6B4641CF07CC9002D76D0 /* btree.h */,
				28F6B4651CF07CC9002D76D0 /* config.h */,
				28F6B4661CF07CC9002D76D0 /* data.c */,
				28F6B4671CF07CC9002D76D0 /* data.h */,
				28F6B4681CF07CC9002D76D0 /* file.c */,
				28F6B4691CF07CC9002D76D0 /* file.h */,
				28F6B46A1CF07CC9002D76D0 /* hfs.c */,
				28F6B46B1CF07CC9002D76D0 /* hfs.h */,
				28F6B46C1CF07CC9002D76D0 /* libhfs.h */,
				28F6B46D1CF07CC9002D76D0 /* low.c */,
				28F6B46E1CF07CC9002D76D0 /* low.h */,
				28F6B46F1CF07CC9002D76D0 /* medium.c */,
				28F6B4701CF07CC9002D76D0 /* medium.h */,
				28F6B4711CF07CC9002D76D0 /* memcmp.c */,
				28F6B4721CF07CC9002D76D0 /* node.c */,
				28F6B4731CF07CC9002D76D0 /* node.h */,
				28F6B4741CF07CC9002D76D0 /* os */,
				28F6B4761CF07CC9002D76D0 /* os.h */,
				28F6B4771CF07CC9002D76D0 /* record.c */,
				28F6B4781CF07CC9002D76D0 /* record.h */,
				28F6B4791CF07CC9002D76D0 /* version.c */,
				28F6B47A1CF07CC9002D76D0 /* version.h */,
				28F6B47B1CF07CC9002D76D0 /* volume.c */,
				28F6B47C1CF07CC9002D76D0 /* volume.h */,
			);
			name = libhfs;
			path = ../libhfs;
			sourceTree = "<group>";
		};
		28F6B4741CF07CC9002D76D0 /* os */ = {
			isa = PBXGroup;
			children = (
				28F6B4751CF07CC9002D76D0 /* unix.c */,
			);
			path = os;
			sourceTree = "<group>";
		};
/* End PBXGroup section */

/* Begin PBXHeadersBuildPhase section */
		283422C71CF8EF8C0088B634 /* Headers */ = {
			isa = PBXHeadersBuildPhase;
			buildActionMask = 2147483647;
			files = (
			);
			runOnlyForDeploymentPostprocessing = 0;
		};
		283423911CF9C4CB0088B634 /* Headers */ = {
			isa = PBXHeadersBuildPhase;
			buildActionMask = 2147483647;
			files = (
			);
			runOnlyForDeploymentPostprocessing = 0;
		};
/* End PBXHeadersBuildPhase section */

/* Begin PBXNativeTarget section */
		283422C91CF8EF8C0088B634 /* MacPlus4M */ = {
			isa = PBXNativeTarget;
			buildConfigurationList = 283422D31CF8EF8C0088B634 /* Build configuration list for PBXNativeTarget "MacPlus4M" */;
			buildPhases = (
				283422C51CF8EF8C0088B634 /* Sources */,
				283422C61CF8EF8C0088B634 /* Frameworks */,
				283422C71CF8EF8C0088B634 /* Headers */,
				283422C81CF8EF8C0088B634 /* Resources */,
			);
			buildRules = (
			);
			dependencies = (
			);
			name = MacPlus4M;
			productName = "minivmac-plus4m";
			productReference = 283422CA1CF8EF8C0088B634 /* MacPlus4M.framework */;
			productType = "com.apple.product-type.framework";
		};
		2834237D1CF9C4CB0088B634 /* MacII */ = {
			isa = PBXNativeTarget;
			buildConfigurationList = 283423931CF9C4CB0088B634 /* Build configuration list for PBXNativeTarget "MacII" */;
			buildPhases = (
				2834237E1CF9C4CB0088B634 /* Sources */,
				283423901CF9C4CB0088B634 /* Frameworks */,
				283423911CF9C4CB0088B634 /* Headers */,
				283423921CF9C4CB0088B634 /* Resources */,
			);
			buildRules = (
			);
			dependencies = (
			);
			name = MacII;
			productName = "minivmac-plus4m";
			productReference = 283423961CF9C4CB0088B634 /* MacII.framework */;
			productType = "com.apple.product-type.framework";
		};
		28F676BC1CD15E0B00FC6FA6 /* Mini vMac */ = {
			isa = PBXNativeTarget;
			buildConfigurationList = 28F676D41CD15E0B00FC6FA6 /* Build configuration list for PBXNativeTarget "Mini vMac" */;
			buildPhases = (
				28F676B91CD15E0B00FC6FA6 /* Sources */,
				28F676BA1CD15E0B00FC6FA6 /* Frameworks */,
				28F676BB1CD15E0B00FC6FA6 /* Resources */,
				28F6B4CD1CF76D88002D76D0 /* ShellScript */,
				283422D61CF8EF8C0088B634 /* Embed Frameworks */,
				283422F51CF9ACAD0088B634 /* Change PlugIn extensions to mnvm */,
			);
			buildRules = (
			);
			dependencies = (
				283422D01CF8EF8C0088B634 /* PBXTargetDependency */,
				283423A11CF9C5730088B634 /* PBXTargetDependency */,
			);
			name = "Mini vMac";
			productName = "Mini vMac";
			productReference = 28F676BD1CD15E0B00FC6FA6 /* Mini vMac.app */;
			productType = "com.apple.product-type.application";
		};
		28F6B48D1CF07DDD002D76D0 /* libhfs */ = {
			isa = PBXNativeTarget;
			buildConfigurationList = 28F6B4941CF07DDD002D76D0 /* Build configuration list for PBXNativeTarget "libhfs" */;
			buildPhases = (
				28F6B48A1CF07DDD002D76D0 /* Sources */,
				28F6B48B1CF07DDD002D76D0 /* Frameworks */,
				28F6B48C1CF07DDD002D76D0 /* CopyFiles */,
			);
			buildRules = (
			);
			dependencies = (
			);
			name = libhfs;
			productName = libhfs;
			productReference = 28F6B48E1CF07DDD002D76D0 /* liblibhfs.a */;
			productType = "com.apple.product-type.library.static";
		};
		28F6B4A71CF07EC9002D76D0 /* libmfs */ = {
			isa = PBXNativeTarget;
			buildConfigurationList = 28F6B4AE1CF07EC9002D76D0 /* Build configuration list for PBXNativeTarget "libmfs" */;
			buildPhases = (
				28F6B4A41CF07EC9002D76D0 /* Sources */,
				28F6B4A51CF07EC9002D76D0 /* Frameworks */,
				28F6B4A61CF07EC9002D76D0 /* Copy Files */,
			);
			buildRules = (
			);
			dependencies = (
			);
			name = libmfs;
			productName = libmfs;
			productReference = 28F6B4A81CF07EC9002D76D0 /* liblibmfs.a */;
			productType = "com.apple.product-type.library.static";
		};
		28F6B4B51CF07F32002D76D0 /* libres */ = {
			isa = PBXNativeTarget;
			buildConfigurationList = 28F6B4BC1CF07F32002D76D0 /* Build configuration list for PBXNativeTarget "libres" */;
			buildPhases = (
				28F6B4B21CF07F32002D76D0 /* Sources */,
				28F6B4B31CF07F32002D76D0 /* Frameworks */,
				28F6B4B41CF07F32002D76D0 /* CopyFiles */,
			);
			buildRules = (
			);
			dependencies = (
			);
			name = libres;
			productName = libres;
			productReference = 28F6B4B61CF07F32002D76D0 /* liblibres.a */;
			productType = "com.apple.product-type.library.static";
		};
/* End PBXNativeTarget section */

/* Begin PBXProject section */
		28F676B51CD15E0B00FC6FA6 /* Project object */ = {
			isa = PBXProject;
			attributes = {
				LastUpgradeCheck = 0730;
				ORGANIZATIONNAME = namedfork;
				TargetAttributes = {
					283422C91CF8EF8C0088B634 = {
						CreatedOnToolsVersion = 7.3.1;
						DevelopmentTeam = UJXNDZ5TNU;
					};
					2834237D1CF9C4CB0088B634 = {
						DevelopmentTeam = UJXNDZ5TNU;
					};
					28F676BC1CD15E0B00FC6FA6 = {
						CreatedOnToolsVersion = 7.3;
						DevelopmentTeam = UJXNDZ5TNU;
					};
					28F6B48D1CF07DDD002D76D0 = {
						CreatedOnToolsVersion = 7.3.1;
					};
					28F6B4A71CF07EC9002D76D0 = {
						CreatedOnToolsVersion = 7.3.1;
					};
					28F6B4B51CF07F32002D76D0 = {
						CreatedOnToolsVersion = 7.3.1;
					};
				};
			};
			buildConfigurationList = 28F676B81CD15E0B00FC6FA6 /* Build configuration list for PBXProject "Mini vMac" */;
			compatibilityVersion = "Xcode 3.2";
			developmentRegion = English;
			hasScannedForEncodings = 0;
			knownRegions = (
				en,
				Base,
			);
			mainGroup = 28F676B41CD15E0B00FC6FA6;
			productRefGroup = 28F676BE1CD15E0B00FC6FA6 /* Products */;
			projectDirPath = "";
			projectRoot = "";
			targets = (
				28F676BC1CD15E0B00FC6FA6 /* Mini vMac */,
				28F6B48D1CF07DDD002D76D0 /* libhfs */,
				28F6B4A71CF07EC9002D76D0 /* libmfs */,
				28F6B4B51CF07F32002D76D0 /* libres */,
				283422C91CF8EF8C0088B634 /* MacPlus4M */,
				2834237D1CF9C4CB0088B634 /* MacII */,
			);
		};
/* End PBXProject section */

/* Begin PBXResourcesBuildPhase section */
		283422C81CF8EF8C0088B634 /* Resources */ = {
			isa = PBXResourcesBuildPhase;
			buildActionMask = 2147483647;
			files = (
				283423E91CFA32870088B634 /* MacPlus.png in Resources */,
				283423EA1CFA32870088B634 /* MacPlus@2x.png in Resources */,
				283423EB1CFA32870088B634 /* MacPlus@3x.png in Resources */,
			);
			runOnlyForDeploymentPostprocessing = 0;
		};
		283423921CF9C4CB0088B634 /* Resources */ = {
			isa = PBXResourcesBuildPhase;
			buildActionMask = 2147483647;
			files = (
				283423EF1CFA329C0088B634 /* MacII.png in Resources */,
				283423F01CFA329C0088B634 /* MacII@2x.png in Resources */,
				283423F11CFA329C0088B634 /* MacII@3x.png in Resources */,
			);
			runOnlyForDeploymentPostprocessing = 0;
		};
		28F676BB1CD15E0B00FC6FA6 /* Resources */ = {
			isa = PBXResourcesBuildPhase;
			buildActionMask = 2147483647;
			files = (
				28F6B4CA1CF1FA7A002D76D0 /* about.plist in Resources */,
				28F676D01CD15E0B00FC6FA6 /* LaunchScreen.storyboard in Resources */,
				28F676CD1CD15E0B00FC6FA6 /* Assets.xcassets in Resources */,
				28BA89821CE7336500A98104 /* Keyboard Layouts in Resources */,
				28F676CB1CD15E0B00FC6FA6 /* Main.storyboard in Resources */,
			);
			runOnlyForDeploymentPostprocessing = 0;
		};
/* End PBXResourcesBuildPhase section */

/* Begin PBXShellScriptBuildPhase section */
		283422F51CF9ACAD0088B634 /* Change PlugIn extensions to mnvm */ = {
			isa = PBXShellScriptBuildPhase;
			buildActionMask = 2147483647;
			files = (
			);
			inputPaths = (
			);
			name = "Change PlugIn extensions to mnvm";
			outputPaths = (
			);
			runOnlyForDeploymentPostprocessing = 0;
			shellPath = /bin/sh;
			shellScript = "cd \"$BUILT_PRODUCTS_DIR/$PLUGINS_FOLDER_PATH\"\nrm -rf *.mnvm\nfor name in *.framework\ndo\n  mv \"$name\" \"${name%.framework}.mnvm\"\ndone\n";
		};
		28F6B4CD1CF76D88002D76D0 /* ShellScript */ = {
			isa = PBXShellScriptBuildPhase;
			buildActionMask = 2147483647;
			files = (
			);
			inputPaths = (
			);
			outputPaths = (
			);
			runOnlyForDeploymentPostprocessing = 0;
			shellPath = /bin/sh;
			shellScript = "GIT=`which git`\nif [ \"$GIT\" -a -d .git ]; then\nGIT_VERSION=`$GIT describe --tags --always`\nelse\nGIT_VERSION=unknown\nfi\ndefaults write \"$BUILT_PRODUCTS_DIR/$CONTENTS_FOLDER_PATH/Info\" GitVersion -string $GIT_VERSION";
		};
/* End PBXShellScriptBuildPhase section */

/* Begin PBXSourcesBuildPhase section */
		283422C51CF8EF8C0088B634 /* Sources */ = {
			isa = PBXSourcesBuildPhase;
			buildActionMask = 2147483647;
			files = (
				2834236E1CF9C1320088B634 /* SONYEMDV.c in Sources */,
				2834236F1CF9C1320088B634 /* VIAEMDEV.c in Sources */,
				283423681CF9C1320088B634 /* ROMEMDEV.c in Sources */,
				2834236D1CF9C1320088B634 /* SNDEMDEV.c in Sources */,
				2834236C1CF9C1320088B634 /* SCSIEMDV.c in Sources */,
				2834236A1CF9C1320088B634 /* SCCEMDEV.c in Sources */,
				2834236B1CF9C1320088B634 /* SCRNEMDV.c in Sources */,
				283422F41CF8F55E0088B634 /* Emulator.m in Sources */,
				283423611CF9C10B0088B634 /* IWMEMDEV.c in Sources */,
				283422EE1CF8F2210088B634 /* MYOSGLUE.m in Sources */,
				283423661CF9C1320088B634 /* MOUSEMDV.c in Sources */,
				283423601CF9C1050088B634 /* GLOBGLUE.c in Sources */,
				283423631CF9C1320088B634 /* KBRDEMDV.c in Sources */,
				283423651CF9C1320088B634 /* MINEM68K.c in Sources */,
				283423641CF9C1320088B634 /* M68KITAB.c in Sources */,
				283423671CF9C1320088B634 /* PROGMAIN.c in Sources */,
				283423691CF9C1320088B634 /* RTCEMDEV.c in Sources */,
			);
			runOnlyForDeploymentPostprocessing = 0;
		};
		2834237E1CF9C4CB0088B634 /* Sources */ = {
			isa = PBXSourcesBuildPhase;
			buildActionMask = 2147483647;
			files = (
				283423DF1CF9C66D0088B634 /* SONYEMDV.c in Sources */,
				283423DE1CF9C66D0088B634 /* SCSIEMDV.c in Sources */,
				283423861CF9C4CB0088B634 /* Emulator.m in Sources */,
				283423DD1CF9C66D0088B634 /* SCRNEMDV.c in Sources */,
				283423DB1CF9C66D0088B634 /* RTCEMDEV.c in Sources */,
				283423881CF9C4CB0088B634 /* MYOSGLUE.m in Sources */,
				283423D71CF9C66D0088B634 /* MINEM68K.c in Sources */,
				283423D81CF9C66D0088B634 /* MOUSEMDV.c in Sources */,
				283423E11CF9C66D0088B634 /* VIAEMDEV.c in Sources */,
				283423E01CF9C66D0088B634 /* VIA2EMDV.c in Sources */,
				283423D61CF9C66D0088B634 /* M68KITAB.c in Sources */,
				283423D41CF9C66D0088B634 /* GLOBGLUE.c in Sources */,
				283423DA1CF9C66D0088B634 /* ROMEMDEV.c in Sources */,
				283423D91CF9C66D0088B634 /* PROGMAIN.c in Sources */,
				283423D21CF9C66D0088B634 /* ADBEMDEV.c in Sources */,
				283423D31CF9C66D0088B634 /* ASCEMDEV.c in Sources */,
				283423DC1CF9C66D0088B634 /* SCCEMDEV.c in Sources */,
				283423D51CF9C66D0088B634 /* IWMEMDEV.c in Sources */,
				283423E21CF9C66D0088B634 /* VIDEMDEV.c in Sources */,
			);
			runOnlyForDeploymentPostprocessing = 0;
		};
		28F676B91CD15E0B00FC6FA6 /* Sources */ = {
			isa = PBXSourcesBuildPhase;
			buildActionMask = 2147483647;
			files = (
				28BA897E1CE7315400A98104 /* KBKey.m in Sources */,
				28BA89851CE73E7200A98104 /* TrackPad.m in Sources */,
				28CE8ED61CD4F56C00FE25A8 /* ScreenView.m in Sources */,
				28848B651CDE97E900B86C45 /* SettingsViewController.m in Sources */,
				28BA89881CE73FBC00A98104 /* MNVMApplication.m in Sources */,
				28F6B4CF1CF77099002D76D0 /* compat.m in Sources */,
				28F6B4521CF07C48002D76D0 /* UIImage+DiskImageIcon.m in Sources */,
				28BA897F1CE7315400A98104 /* KBKeyboardLayout.m in Sources */,
				28848B621CDE97D600B86C45 /* InsertDiskViewController.m in Sources */,
				28F676C81CD15E0B00FC6FA6 /* ViewController.m in Sources */,
				28D5A3FD1CD6868F001A33F6 /* TouchScreen.m in Sources */,
				28F676C51CD15E0B00FC6FA6 /* AppDelegate.m in Sources */,
				28BA89801CE7315400A98104 /* KBKeyboardView.m in Sources */,
				28F676C21CD15E0B00FC6FA6 /* main.m in Sources */,
			);
			runOnlyForDeploymentPostprocessing = 0;
		};
		28F6B48A1CF07DDD002D76D0 /* Sources */ = {
			isa = PBXSourcesBuildPhase;
			buildActionMask = 2147483647;
			files = (
				28F6B49A1CF07E00002D76D0 /* file.c in Sources */,
				28F6B4981CF07E00002D76D0 /* btree.c in Sources */,
				28F6B49E1CF07E00002D76D0 /* memcmp.c in Sources */,
				28F6B49D1CF07E00002D76D0 /* medium.c in Sources */,
				28F6B4A11CF07E00002D76D0 /* version.c in Sources */,
				28F6B49C1CF07E00002D76D0 /* low.c in Sources */,
				28F6B49F1CF07E00002D76D0 /* node.c in Sources */,
				28F6B4991CF07E00002D76D0 /* data.c in Sources */,
				28F6B49B1CF07E00002D76D0 /* hfs.c in Sources */,
				28F6B4A21CF07E00002D76D0 /* volume.c in Sources */,
				28F6B4A01CF07E00002D76D0 /* record.c in Sources */,
				28F6B4A31CF07E08002D76D0 /* unix.c in Sources */,
				28F6B4971CF07E00002D76D0 /* block.c in Sources */,
			);
			runOnlyForDeploymentPostprocessing = 0;
		};
		28F6B4A41CF07EC9002D76D0 /* Sources */ = {
			isa = PBXSourcesBuildPhase;
			buildActionMask = 2147483647;
			files = (
				28F6B4B11CF07ED9002D76D0 /* mfs.c in Sources */,
			);
			runOnlyForDeploymentPostprocessing = 0;
		};
		28F6B4B21CF07F32002D76D0 /* Sources */ = {
			isa = PBXSourcesBuildPhase;
			buildActionMask = 2147483647;
			files = (
				28F6B4BF1CF07F39002D76D0 /* res.c in Sources */,
			);
			runOnlyForDeploymentPostprocessing = 0;
		};
/* End PBXSourcesBuildPhase section */

/* Begin PBXTargetDependency section */
		283422D01CF8EF8C0088B634 /* PBXTargetDependency */ = {
			isa = PBXTargetDependency;
			target = 283422C91CF8EF8C0088B634 /* MacPlus4M */;
			targetProxy = 283422CF1CF8EF8C0088B634 /* PBXContainerItemProxy */;
		};
		283423A11CF9C5730088B634 /* PBXTargetDependency */ = {
			isa = PBXTargetDependency;
			target = 2834237D1CF9C4CB0088B634 /* MacII */;
			targetProxy = 283423A01CF9C5730088B634 /* PBXContainerItemProxy */;
		};
/* End PBXTargetDependency section */

/* Begin PBXVariantGroup section */
		28F676C91CD15E0B00FC6FA6 /* Main.storyboard */ = {
			isa = PBXVariantGroup;
			children = (
				28F676CA1CD15E0B00FC6FA6 /* Base */,
			);
			name = Main.storyboard;
			sourceTree = "<group>";
		};
		28F676CE1CD15E0B00FC6FA6 /* LaunchScreen.storyboard */ = {
			isa = PBXVariantGroup;
			children = (
				28F676CF1CD15E0B00FC6FA6 /* Base */,
			);
			name = LaunchScreen.storyboard;
			sourceTree = "<group>";
		};
/* End PBXVariantGroup section */

/* Begin XCBuildConfiguration section */
		283422D41CF8EF8C0088B634 /* Debug */ = {
			isa = XCBuildConfiguration;
			buildSettings = {
				CODE_SIGN_IDENTITY = "iPhone Developer";
				"CODE_SIGN_IDENTITY[sdk=iphoneos*]" = "iPhone Developer";
				CURRENT_PROJECT_VERSION = 1;
				DEFINES_MODULE = NO;
				DYLIB_COMPATIBILITY_VERSION = 1;
				DYLIB_CURRENT_VERSION = 1;
				DYLIB_INSTALL_NAME_BASE = "@rpath";
				INFOPLIST_FILE = "$(SRCROOT)/Mini vMac/$(PRODUCT_NAME)/Info.plist";
				INSTALL_PATH = "$(LOCAL_LIBRARY_DIR)/Frameworks";
				IPHONEOS_DEPLOYMENT_TARGET = 7.0;
				LD_DYLIB_INSTALL_NAME = "$(DYLIB_INSTALL_NAME_BASE:standardizepath)/$(EXECUTABLE_PATH)";
				LD_RUNPATH_SEARCH_PATHS = "$(inherited) @executable_path/Frameworks @loader_path/Frameworks";
				PRODUCT_BUNDLE_IDENTIFIER = net.namedfork.minivmac.macplus4m;
				PRODUCT_NAME = "$(TARGET_NAME)";
				SKIP_INSTALL = YES;
				USER_HEADER_SEARCH_PATHS = "\"$(SRCROOT)/Mini vMac/$(PRODUCT_NAME)\" \"$(SRCROOT)/Mini vMac/mnvm_core\"";
				USE_HEADERMAP = NO;
				VERSIONING_SYSTEM = "apple-generic";
				VERSION_INFO_PREFIX = "";
			};
			name = Debug;
		};
		283422D51CF8EF8C0088B634 /* Release */ = {
			isa = XCBuildConfiguration;
			buildSettings = {
				CODE_SIGN_IDENTITY = "iPhone Developer";
				"CODE_SIGN_IDENTITY[sdk=iphoneos*]" = "iPhone Developer";
				CURRENT_PROJECT_VERSION = 1;
				DEFINES_MODULE = NO;
				DYLIB_COMPATIBILITY_VERSION = 1;
				DYLIB_CURRENT_VERSION = 1;
				DYLIB_INSTALL_NAME_BASE = "@rpath";
				INFOPLIST_FILE = "$(SRCROOT)/Mini vMac/$(PRODUCT_NAME)/Info.plist";
				INSTALL_PATH = "$(LOCAL_LIBRARY_DIR)/Frameworks";
				IPHONEOS_DEPLOYMENT_TARGET = 7.0;
				LD_DYLIB_INSTALL_NAME = "$(DYLIB_INSTALL_NAME_BASE:standardizepath)/$(EXECUTABLE_PATH)";
				LD_RUNPATH_SEARCH_PATHS = "$(inherited) @executable_path/Frameworks @loader_path/Frameworks";
				PRODUCT_BUNDLE_IDENTIFIER = net.namedfork.minivmac.macplus4m;
				PRODUCT_NAME = "$(TARGET_NAME)";
				SKIP_INSTALL = YES;
				USER_HEADER_SEARCH_PATHS = "\"$(SRCROOT)/Mini vMac/$(PRODUCT_NAME)\" \"$(SRCROOT)/Mini vMac/mnvm_core\"";
				USE_HEADERMAP = NO;
				VERSIONING_SYSTEM = "apple-generic";
				VERSION_INFO_PREFIX = "";
			};
			name = Release;
		};
		283423941CF9C4CB0088B634 /* Debug */ = {
			isa = XCBuildConfiguration;
			buildSettings = {
				CODE_SIGN_IDENTITY = "iPhone Developer";
				"CODE_SIGN_IDENTITY[sdk=iphoneos*]" = "iPhone Developer";
				CURRENT_PROJECT_VERSION = 1;
				DEFINES_MODULE = NO;
				DYLIB_COMPATIBILITY_VERSION = 1;
				DYLIB_CURRENT_VERSION = 1;
				DYLIB_INSTALL_NAME_BASE = "@rpath";
				INFOPLIST_FILE = "$(SRCROOT)/Mini vMac/$(PRODUCT_NAME)/Info.plist";
				INSTALL_PATH = "$(LOCAL_LIBRARY_DIR)/Frameworks";
				IPHONEOS_DEPLOYMENT_TARGET = 7.0;
				LD_DYLIB_INSTALL_NAME = "$(DYLIB_INSTALL_NAME_BASE:standardizepath)/$(EXECUTABLE_PATH)";
				LD_RUNPATH_SEARCH_PATHS = "$(inherited) @executable_path/Frameworks @loader_path/Frameworks";
				PRODUCT_BUNDLE_IDENTIFIER = net.namedfork.minivmac.macii;
				PRODUCT_NAME = "$(TARGET_NAME)";
				SKIP_INSTALL = YES;
				USER_HEADER_SEARCH_PATHS = "\"$(SRCROOT)/Mini vMac/$(PRODUCT_NAME)\" \"$(SRCROOT)/Mini vMac/mnvm_core\"";
				USE_HEADERMAP = NO;
				VERSIONING_SYSTEM = "apple-generic";
				VERSION_INFO_PREFIX = "";
			};
			name = Debug;
		};
		283423951CF9C4CB0088B634 /* Release */ = {
			isa = XCBuildConfiguration;
			buildSettings = {
				CODE_SIGN_IDENTITY = "iPhone Developer";
				"CODE_SIGN_IDENTITY[sdk=iphoneos*]" = "iPhone Developer";
				CURRENT_PROJECT_VERSION = 1;
				DEFINES_MODULE = NO;
				DYLIB_COMPATIBILITY_VERSION = 1;
				DYLIB_CURRENT_VERSION = 1;
				DYLIB_INSTALL_NAME_BASE = "@rpath";
				INFOPLIST_FILE = "$(SRCROOT)/Mini vMac/$(PRODUCT_NAME)/Info.plist";
				INSTALL_PATH = "$(LOCAL_LIBRARY_DIR)/Frameworks";
				IPHONEOS_DEPLOYMENT_TARGET = 7.0;
				LD_DYLIB_INSTALL_NAME = "$(DYLIB_INSTALL_NAME_BASE:standardizepath)/$(EXECUTABLE_PATH)";
				LD_RUNPATH_SEARCH_PATHS = "$(inherited) @executable_path/Frameworks @loader_path/Frameworks";
				PRODUCT_BUNDLE_IDENTIFIER = net.namedfork.minivmac.macii;
				PRODUCT_NAME = "$(TARGET_NAME)";
				SKIP_INSTALL = YES;
				USER_HEADER_SEARCH_PATHS = "\"$(SRCROOT)/Mini vMac/$(PRODUCT_NAME)\" \"$(SRCROOT)/Mini vMac/mnvm_core\"";
				USE_HEADERMAP = NO;
				VERSIONING_SYSTEM = "apple-generic";
				VERSION_INFO_PREFIX = "";
			};
			name = Release;
		};
		28F676D21CD15E0B00FC6FA6 /* Debug */ = {
			isa = XCBuildConfiguration;
			buildSettings = {
				ALWAYS_SEARCH_USER_PATHS = NO;
				CLANG_ANALYZER_NONNULL = YES;
				CLANG_CXX_LANGUAGE_STANDARD = "gnu++0x";
				CLANG_CXX_LIBRARY = "libc++";
				CLANG_ENABLE_MODULES = YES;
				CLANG_ENABLE_OBJC_ARC = YES;
				CLANG_WARN_BOOL_CONVERSION = YES;
				CLANG_WARN_CONSTANT_CONVERSION = YES;
				CLANG_WARN_DIRECT_OBJC_ISA_USAGE = YES_ERROR;
				CLANG_WARN_EMPTY_BODY = YES;
				CLANG_WARN_ENUM_CONVERSION = YES;
				CLANG_WARN_INT_CONVERSION = YES;
				CLANG_WARN_OBJC_ROOT_CLASS = YES_ERROR;
				CLANG_WARN_UNREACHABLE_CODE = YES;
				CLANG_WARN__DUPLICATE_METHOD_MATCH = YES;
				"CODE_SIGN_IDENTITY[sdk=iphoneos*]" = "iPhone Developer";
				COPY_PHASE_STRIP = NO;
				DEBUG_INFORMATION_FORMAT = dwarf;
				ENABLE_STRICT_OBJC_MSGSEND = YES;
				ENABLE_TESTABILITY = YES;
				GCC_C_LANGUAGE_STANDARD = gnu99;
				GCC_DYNAMIC_NO_PIC = NO;
				GCC_NO_COMMON_BLOCKS = YES;
				GCC_OPTIMIZATION_LEVEL = 0;
				GCC_PREPROCESSOR_DEFINITIONS = (
					"DEBUG=1",
					"$(inherited)",
				);
				GCC_WARN_64_TO_32_BIT_CONVERSION = YES;
				GCC_WARN_ABOUT_RETURN_TYPE = YES_ERROR;
				GCC_WARN_UNDECLARED_SELECTOR = YES;
				GCC_WARN_UNINITIALIZED_AUTOS = YES_AGGRESSIVE;
				GCC_WARN_UNUSED_FUNCTION = YES;
				GCC_WARN_UNUSED_VARIABLE = YES;
				IPHONEOS_DEPLOYMENT_TARGET = 7.0;
				MTL_ENABLE_DEBUG_INFO = YES;
				ONLY_ACTIVE_ARCH = YES;
				SDKROOT = iphoneos;
				TARGETED_DEVICE_FAMILY = "1,2";
			};
			name = Debug;
		};
		28F676D31CD15E0B00FC6FA6 /* Release */ = {
			isa = XCBuildConfiguration;
			buildSettings = {
				ALWAYS_SEARCH_USER_PATHS = NO;
				CLANG_ANALYZER_NONNULL = YES;
				CLANG_CXX_LANGUAGE_STANDARD = "gnu++0x";
				CLANG_CXX_LIBRARY = "libc++";
				CLANG_ENABLE_MODULES = YES;
				CLANG_ENABLE_OBJC_ARC = YES;
				CLANG_WARN_BOOL_CONVERSION = YES;
				CLANG_WARN_CONSTANT_CONVERSION = YES;
				CLANG_WARN_DIRECT_OBJC_ISA_USAGE = YES_ERROR;
				CLANG_WARN_EMPTY_BODY = YES;
				CLANG_WARN_ENUM_CONVERSION = YES;
				CLANG_WARN_INT_CONVERSION = YES;
				CLANG_WARN_OBJC_ROOT_CLASS = YES_ERROR;
				CLANG_WARN_UNREACHABLE_CODE = YES;
				CLANG_WARN__DUPLICATE_METHOD_MATCH = YES;
				"CODE_SIGN_IDENTITY[sdk=iphoneos*]" = "iPhone Developer";
				COPY_PHASE_STRIP = NO;
				DEBUG_INFORMATION_FORMAT = "dwarf-with-dsym";
				ENABLE_NS_ASSERTIONS = NO;
				ENABLE_STRICT_OBJC_MSGSEND = YES;
				GCC_C_LANGUAGE_STANDARD = gnu99;
				GCC_NO_COMMON_BLOCKS = YES;
				GCC_WARN_64_TO_32_BIT_CONVERSION = YES;
				GCC_WARN_ABOUT_RETURN_TYPE = YES_ERROR;
				GCC_WARN_UNDECLARED_SELECTOR = YES;
				GCC_WARN_UNINITIALIZED_AUTOS = YES_AGGRESSIVE;
				GCC_WARN_UNUSED_FUNCTION = YES;
				GCC_WARN_UNUSED_VARIABLE = YES;
				IPHONEOS_DEPLOYMENT_TARGET = 7.0;
				MTL_ENABLE_DEBUG_INFO = NO;
				SDKROOT = iphoneos;
				TARGETED_DEVICE_FAMILY = "1,2";
				VALIDATE_PRODUCT = YES;
			};
			name = Release;
		};
		28F676D51CD15E0B00FC6FA6 /* Debug */ = {
			isa = XCBuildConfiguration;
			buildSettings = {
				ASSETCATALOG_COMPILER_APPICON_NAME = AppIcon;
				CODE_SIGN_IDENTITY = "iPhone Developer";
				"CODE_SIGN_IDENTITY[sdk=iphoneos*]" = "iPhone Developer";
				HEADER_SEARCH_PATHS = "$(SRCROOT)";
				INFOPLIST_FILE = "Mini vMac/Info.plist";
				IPHONEOS_DEPLOYMENT_TARGET = 7.0;
				LD_RUNPATH_SEARCH_PATHS = "$(inherited) @executable_path/Frameworks";
				OTHER_CFLAGS = "-DUSE_LIBRES";
				PRODUCT_BUNDLE_IDENTIFIER = net.namedfork.minivmac;
				PRODUCT_NAME = "$(TARGET_NAME)";
				PROVISIONING_PROFILE = "";
			};
			name = Debug;
		};
		28F676D61CD15E0B00FC6FA6 /* Release */ = {
			isa = XCBuildConfiguration;
			buildSettings = {
				ASSETCATALOG_COMPILER_APPICON_NAME = AppIcon;
				CODE_SIGN_IDENTITY = "iPhone Developer";
				"CODE_SIGN_IDENTITY[sdk=iphoneos*]" = "iPhone Developer";
				HEADER_SEARCH_PATHS = "$(SRCROOT)";
				INFOPLIST_FILE = "Mini vMac/Info.plist";
				IPHONEOS_DEPLOYMENT_TARGET = 7.0;
				LD_RUNPATH_SEARCH_PATHS = "$(inherited) @executable_path/Frameworks";
				OTHER_CFLAGS = "-DUSE_LIBRES";
				PRODUCT_BUNDLE_IDENTIFIER = net.namedfork.minivmac;
				PRODUCT_NAME = "$(TARGET_NAME)";
				PROVISIONING_PROFILE = "";
			};
			name = Release;
		};
		28F6B4951CF07DDD002D76D0 /* Debug */ = {
			isa = XCBuildConfiguration;
			buildSettings = {
				CLANG_ENABLE_MODULES = NO;
				OTHER_CFLAGS = "-DHAVE_CONFIG_H";
				OTHER_LDFLAGS = "-ObjC";
				PRODUCT_NAME = "$(TARGET_NAME)";
				SKIP_INSTALL = YES;
			};
			name = Debug;
		};
		28F6B4961CF07DDD002D76D0 /* Release */ = {
			isa = XCBuildConfiguration;
			buildSettings = {
				CLANG_ENABLE_MODULES = NO;
				OTHER_CFLAGS = "-DHAVE_CONFIG_H";
				OTHER_LDFLAGS = "-ObjC";
				PRODUCT_NAME = "$(TARGET_NAME)";
				SKIP_INSTALL = YES;
			};
			name = Release;
		};
		28F6B4AF1CF07EC9002D76D0 /* Debug */ = {
			isa = XCBuildConfiguration;
			buildSettings = {
				GCC_WARN_ABOUT_RETURN_TYPE = NO;
				HEADER_SEARCH_PATHS = "$(SRCROOT)";
				OTHER_CFLAGS = "-DUSE_LIBRES";
				OTHER_LDFLAGS = "-ObjC";
				PRODUCT_NAME = "$(TARGET_NAME)";
				SKIP_INSTALL = YES;
			};
			name = Debug;
		};
		28F6B4B01CF07EC9002D76D0 /* Release */ = {
			isa = XCBuildConfiguration;
			buildSettings = {
				GCC_WARN_ABOUT_RETURN_TYPE = NO;
				HEADER_SEARCH_PATHS = "$(SRCROOT)";
				OTHER_CFLAGS = "-DUSE_LIBRES";
				OTHER_LDFLAGS = "-ObjC";
				PRODUCT_NAME = "$(TARGET_NAME)";
				SKIP_INSTALL = YES;
			};
			name = Release;
		};
		28F6B4BD1CF07F32002D76D0 /* Debug */ = {
			isa = XCBuildConfiguration;
			buildSettings = {
				OTHER_LDFLAGS = "-ObjC";
				PRODUCT_NAME = "$(TARGET_NAME)";
				SKIP_INSTALL = YES;
			};
			name = Debug;
		};
		28F6B4BE1CF07F32002D76D0 /* Release */ = {
			isa = XCBuildConfiguration;
			buildSettings = {
				OTHER_LDFLAGS = "-ObjC";
				PRODUCT_NAME = "$(TARGET_NAME)";
				SKIP_INSTALL = YES;
			};
			name = Release;
		};
/* End XCBuildConfiguration section */

/* Begin XCConfigurationList section */
		283422D31CF8EF8C0088B634 /* Build configuration list for PBXNativeTarget "MacPlus4M" */ = {
			isa = XCConfigurationList;
			buildConfigurations = (
				283422D41CF8EF8C0088B634 /* Debug */,
				283422D51CF8EF8C0088B634 /* Release */,
			);
			defaultConfigurationIsVisible = 0;
		};
		283423931CF9C4CB0088B634 /* Build configuration list for PBXNativeTarget "MacII" */ = {
			isa = XCConfigurationList;
			buildConfigurations = (
				283423941CF9C4CB0088B634 /* Debug */,
				283423951CF9C4CB0088B634 /* Release */,
			);
			defaultConfigurationIsVisible = 0;
			defaultConfigurationName = Release;
		};
		28F676B81CD15E0B00FC6FA6 /* Build configuration list for PBXProject "Mini vMac" */ = {
			isa = XCConfigurationList;
			buildConfigurations = (
				28F676D21CD15E0B00FC6FA6 /* Debug */,
				28F676D31CD15E0B00FC6FA6 /* Release */,
			);
			defaultConfigurationIsVisible = 0;
			defaultConfigurationName = Release;
		};
		28F676D41CD15E0B00FC6FA6 /* Build configuration list for PBXNativeTarget "Mini vMac" */ = {
			isa = XCConfigurationList;
			buildConfigurations = (
				28F676D51CD15E0B00FC6FA6 /* Debug */,
				28F676D61CD15E0B00FC6FA6 /* Release */,
			);
			defaultConfigurationIsVisible = 0;
			defaultConfigurationName = Release;
		};
		28F6B4941CF07DDD002D76D0 /* Build configuration list for PBXNativeTarget "libhfs" */ = {
			isa = XCConfigurationList;
			buildConfigurations = (
				28F6B4951CF07DDD002D76D0 /* Debug */,
				28F6B4961CF07DDD002D76D0 /* Release */,
			);
			defaultConfigurationIsVisible = 0;
			defaultConfigurationName = Release;
		};
		28F6B4AE1CF07EC9002D76D0 /* Build configuration list for PBXNativeTarget "libmfs" */ = {
			isa = XCConfigurationList;
			buildConfigurations = (
				28F6B4AF1CF07EC9002D76D0 /* Debug */,
				28F6B4B01CF07EC9002D76D0 /* Release */,
			);
			defaultConfigurationIsVisible = 0;
			defaultConfigurationName = Release;
		};
		28F6B4BC1CF07F32002D76D0 /* Build configuration list for PBXNativeTarget "libres" */ = {
			isa = XCConfigurationList;
			buildConfigurations = (
				28F6B4BD1CF07F32002D76D0 /* Debug */,
				28F6B4BE1CF07F32002D76D0 /* Release */,
			);
			defaultConfigurationIsVisible = 0;
			defaultConfigurationName = Release;
		};
/* End XCConfigurationList section */
	};
	rootObject = 28F676B51CD15E0B00FC6FA6 /* Project object */;
}
