// !$*UTF8*$!
{
	archiveVersion = 1;
	classes = {
	};
	objectVersion = 50;
	objects = {

/* Begin PBXBuildFile section */
		2887384A2190D22D00E24DC3 /* Interface.storyboard in Resources */ = {isa = PBXBuildFile; fileRef = 288738492190D22D00E24DC3 /* Interface.storyboard */; };
		2896735E2BB20BEB0014D8E7 /* MacPlus4M_WatchOS.framework in Embed Frameworks */ = {isa = PBXBuildFile; fileRef = 2896734C2BB209E90014D8E7 /* MacPlus4M_WatchOS.framework */; settings = {ATTRIBUTES = (CodeSignOnCopy, RemoveHeadersOnCopy, ); }; };
		289673622BB21E700014D8E7 /* vMac.rom in Resources */ = {isa = PBXBuildFile; fileRef = 289673612BB21E700014D8E7 /* vMac.rom */; };
		289673632BB21F3E0014D8E7 /* MacPlus4M_WatchOS.framework in Frameworks */ = {isa = PBXBuildFile; fileRef = 2896734C2BB209E90014D8E7 /* MacPlus4M_WatchOS.framework */; };
		28E020EC2173E0EC00C556D6 /* Assets.xcassets in Resources */ = {isa = PBXBuildFile; fileRef = 28E020EB2173E0EC00C556D6 /* Assets.xcassets */; };
		28E020F32173E0EC00C556D6 /* Mini vMac WatchKit Extension.appex in Embed App Extensions */ = {isa = PBXBuildFile; fileRef = 28E020F22173E0EC00C556D6 /* Mini vMac WatchKit Extension.appex */; settings = {ATTRIBUTES = (RemoveHeadersOnCopy, ); }; };
		28E020F92173E0EC00C556D6 /* InterfaceController.m in Sources */ = {isa = PBXBuildFile; fileRef = 28E020F82173E0EC00C556D6 /* InterfaceController.m */; };
		28E020FC2173E0EC00C556D6 /* ExtensionDelegate.m in Sources */ = {isa = PBXBuildFile; fileRef = 28E020FB2173E0EC00C556D6 /* ExtensionDelegate.m */; };
		28E020FE2173E0ED00C556D6 /* Assets.xcassets in Resources */ = {isa = PBXBuildFile; fileRef = 28E020FD2173E0ED00C556D6 /* Assets.xcassets */; };
/* End PBXBuildFile section */

/* Begin PBXContainerItemProxy section */
		289673232BB2087D0014D8E7 /* PBXContainerItemProxy */ = {
			isa = PBXContainerItemProxy;
			containerPortal = 289673172BB2087C0014D8E7 /* Mini vMac.xcodeproj */;
			proxyType = 2;
			remoteGlobalIDString = 28F676BD1CD15E0B00FC6FA6;
			remoteInfo = "Mini vMac";
		};
		289673252BB2087D0014D8E7 /* PBXContainerItemProxy */ = {
			isa = PBXContainerItemProxy;
			containerPortal = 289673172BB2087C0014D8E7 /* Mini vMac.xcodeproj */;
			proxyType = 2;
			remoteGlobalIDString = 28F6B48E1CF07DDD002D76D0;
			remoteInfo = libhfs;
		};
		289673272BB2087D0014D8E7 /* PBXContainerItemProxy */ = {
			isa = PBXContainerItemProxy;
			containerPortal = 289673172BB2087C0014D8E7 /* Mini vMac.xcodeproj */;
			proxyType = 2;
			remoteGlobalIDString = 28F6B4A81CF07EC9002D76D0;
			remoteInfo = libmfs;
		};
		289673292BB2087D0014D8E7 /* PBXContainerItemProxy */ = {
			isa = PBXContainerItemProxy;
			containerPortal = 289673172BB2087C0014D8E7 /* Mini vMac.xcodeproj */;
			proxyType = 2;
			remoteGlobalIDString = 28F6B4B61CF07F32002D76D0;
			remoteInfo = libres;
		};
		2896732B2BB2087D0014D8E7 /* PBXContainerItemProxy */ = {
			isa = PBXContainerItemProxy;
			containerPortal = 289673172BB2087C0014D8E7 /* Mini vMac.xcodeproj */;
			proxyType = 2;
			remoteGlobalIDString = 283422CA1CF8EF8C0088B634;
			remoteInfo = MacPlus4M;
		};
		2896732D2BB2087D0014D8E7 /* PBXContainerItemProxy */ = {
			isa = PBXContainerItemProxy;
			containerPortal = 289673172BB2087C0014D8E7 /* Mini vMac.xcodeproj */;
			proxyType = 2;
			remoteGlobalIDString = 283423961CF9C4CB0088B634;
			remoteInfo = MacII;
		};
		2896732F2BB2087D0014D8E7 /* PBXContainerItemProxy */ = {
			isa = PBXContainerItemProxy;
			containerPortal = 289673172BB2087C0014D8E7 /* Mini vMac.xcodeproj */;
			proxyType = 2;
			remoteGlobalIDString = 289710D41CFB11BF0089D463;
			remoteInfo = Mac128K;
		};
		289673312BB2087D0014D8E7 /* PBXContainerItemProxy */ = {
			isa = PBXContainerItemProxy;
			containerPortal = 289673172BB2087C0014D8E7 /* Mini vMac.xcodeproj */;
			proxyType = 2;
			remoteGlobalIDString = 28BDBEB71D230EEB0072ED5B;
			remoteInfo = "MacII-640x480";
		};
		289673332BB2087D0014D8E7 /* PBXContainerItemProxy */ = {
			isa = PBXContainerItemProxy;
			containerPortal = 289673172BB2087C0014D8E7 /* Mini vMac.xcodeproj */;
			proxyType = 2;
			remoteGlobalIDString = 28C67BEE2AC49E46000C7540;
			remoteInfo = "MacII-512x384";
		};
		2896734B2BB209E90014D8E7 /* PBXContainerItemProxy */ = {
			isa = PBXContainerItemProxy;
			containerPortal = 289673172BB2087C0014D8E7 /* Mini vMac.xcodeproj */;
			proxyType = 2;
			remoteGlobalIDString = 289673422BB209DB0014D8E7;
			remoteInfo = "MacPlus4M-WatchOS";
		};
		2896735F2BB20BF20014D8E7 /* PBXContainerItemProxy */ = {
			isa = PBXContainerItemProxy;
			containerPortal = 289673172BB2087C0014D8E7 /* Mini vMac.xcodeproj */;
			proxyType = 1;
			remoteGlobalIDString = 289673412BB209DB0014D8E7;
			remoteInfo = "MacPlus4M-WatchOS";
		};
		28E020F42173E0EC00C556D6 /* PBXContainerItemProxy */ = {
			isa = PBXContainerItemProxy;
			containerPortal = 28E020C52173E0EB00C556D6 /* Project object */;
			proxyType = 1;
			remoteGlobalIDString = 28E020F12173E0EC00C556D6;
			remoteInfo = "Mini vMac WatchKit Extension";
		};
/* End PBXContainerItemProxy section */

/* Begin PBXCopyFilesBuildPhase section */
		289673372BB208BA0014D8E7 /* Embed Frameworks */ = {
			isa = PBXCopyFilesBuildPhase;
			buildActionMask = 2147483647;
			dstPath = "";
			dstSubfolderSpec = 10;
			files = (
				2896735E2BB20BEB0014D8E7 /* MacPlus4M_WatchOS.framework in Embed Frameworks */,
			);
			name = "Embed Frameworks";
			runOnlyForDeploymentPostprocessing = 0;
		};
		28E021052173E0ED00C556D6 /* Embed App Extensions */ = {
			isa = PBXCopyFilesBuildPhase;
			buildActionMask = 2147483647;
			dstPath = "";
			dstSubfolderSpec = 13;
			files = (
				28E020F32173E0EC00C556D6 /* Mini vMac WatchKit Extension.appex in Embed App Extensions */,
			);
			name = "Embed App Extensions";
			runOnlyForDeploymentPostprocessing = 0;
		};
/* End PBXCopyFilesBuildPhase section */

/* Begin PBXFileReference section */
		288738492190D22D00E24DC3 /* Interface.storyboard */ = {isa = PBXFileReference; fileEncoding = 4; lastKnownFileType = file.storyboard; path = Interface.storyboard; sourceTree = "<group>"; };
		289673172BB2087C0014D8E7 /* Mini vMac.xcodeproj */ = {isa = PBXFileReference; lastKnownFileType = "wrapper.pb-project"; name = "Mini vMac.xcodeproj"; path = "../Mini vMac.xcodeproj"; sourceTree = "<group>"; };
		289673612BB21E700014D8E7 /* vMac.rom */ = {isa = PBXFileReference; lastKnownFileType = file; path = vMac.rom; sourceTree = SOURCE_ROOT; };
		28BF818F25338E0C007341A3 /* SwiftUI.framework */ = {isa = PBXFileReference; lastKnownFileType = wrapper.framework; name = SwiftUI.framework; path = System/Library/Frameworks/SwiftUI.framework; sourceTree = SDKROOT; };
		28E020E32173E0EC00C556D6 /* Mini vMac WatchKit App.app */ = {isa = PBXFileReference; explicitFileType = wrapper.application; includeInIndex = 0; path = "Mini vMac WatchKit App.app"; sourceTree = BUILT_PRODUCTS_DIR; };
		28E020EB2173E0EC00C556D6 /* Assets.xcassets */ = {isa = PBXFileReference; lastKnownFileType = folder.assetcatalog; path = Assets.xcassets; sourceTree = "<group>"; };
		28E020ED2173E0EC00C556D6 /* Info.plist */ = {isa = PBXFileReference; lastKnownFileType = text.plist.xml; path = Info.plist; sourceTree = "<group>"; };
		28E020F22173E0EC00C556D6 /* Mini vMac WatchKit Extension.appex */ = {isa = PBXFileReference; explicitFileType = "wrapper.app-extension"; includeInIndex = 0; path = "Mini vMac WatchKit Extension.appex"; sourceTree = BUILT_PRODUCTS_DIR; };
		28E020F72173E0EC00C556D6 /* InterfaceController.h */ = {isa = PBXFileReference; lastKnownFileType = sourcecode.c.h; path = InterfaceController.h; sourceTree = "<group>"; };
		28E020F82173E0EC00C556D6 /* InterfaceController.m */ = {isa = PBXFileReference; lastKnownFileType = sourcecode.c.objc; path = InterfaceController.m; sourceTree = "<group>"; };
		28E020FA2173E0EC00C556D6 /* ExtensionDelegate.h */ = {isa = PBXFileReference; lastKnownFileType = sourcecode.c.h; path = ExtensionDelegate.h; sourceTree = "<group>"; };
		28E020FB2173E0EC00C556D6 /* ExtensionDelegate.m */ = {isa = PBXFileReference; lastKnownFileType = sourcecode.c.objc; path = ExtensionDelegate.m; sourceTree = "<group>"; };
		28E020FD2173E0ED00C556D6 /* Assets.xcassets */ = {isa = PBXFileReference; lastKnownFileType = folder.assetcatalog; path = Assets.xcassets; sourceTree = "<group>"; };
		28E020FF2173E0ED00C556D6 /* Info.plist */ = {isa = PBXFileReference; lastKnownFileType = text.plist.xml; path = Info.plist; sourceTree = "<group>"; };
/* End PBXFileReference section */

/* Begin PBXFrameworksBuildPhase section */
		28E020EF2173E0EC00C556D6 /* Frameworks */ = {
			isa = PBXFrameworksBuildPhase;
			buildActionMask = 2147483647;
			files = (
				289673632BB21F3E0014D8E7 /* MacPlus4M_WatchOS.framework in Frameworks */,
			);
			runOnlyForDeploymentPostprocessing = 0;
		};
		4259EE64740C16BAEA209B84 /* Frameworks */ = {
			isa = PBXFrameworksBuildPhase;
			buildActionMask = 2147483647;
			files = (
			);
			runOnlyForDeploymentPostprocessing = 0;
		};
/* End PBXFrameworksBuildPhase section */

/* Begin PBXGroup section */
		289673182BB2087C0014D8E7 /* Products */ = {
			isa = PBXGroup;
			children = (
				289673242BB2087D0014D8E7 /* Mini vMac.app */,
				289673262BB2087D0014D8E7 /* liblibhfs.a */,
				289673282BB2087D0014D8E7 /* liblibmfs.a */,
				2896732A2BB2087D0014D8E7 /* liblibres.a */,
				2896732C2BB2087D0014D8E7 /* MacPlus4M.framework */,
				2896732E2BB2087D0014D8E7 /* MacII.framework */,
				289673302BB2087D0014D8E7 /* Mac128K.framework */,
				289673322BB2087D0014D8E7 /* MacII-640x480.framework */,
				289673342BB2087D0014D8E7 /* MacII-512x384.framework */,
				2896734C2BB209E90014D8E7 /* MacPlus4M_WatchOS.framework */,
			);
			name = Products;
			sourceTree = "<group>";
		};
		28E020C42173E0EB00C556D6 = {
			isa = PBXGroup;
			children = (
				289673172BB2087C0014D8E7 /* Mini vMac.xcodeproj */,
				28E020E72173E0EC00C556D6 /* Mini vMac WatchKit App */,
				28E020F62173E0EC00C556D6 /* Mini vMac WatchKit Extension */,
				28E020CE2173E0EB00C556D6 /* Products */,
				3479A43CE16567273D08B6EA /* Frameworks */,
			);
			sourceTree = "<group>";
		};
		28E020CE2173E0EB00C556D6 /* Products */ = {
			isa = PBXGroup;
			children = (
				28E020E32173E0EC00C556D6 /* Mini vMac WatchKit App.app */,
				28E020F22173E0EC00C556D6 /* Mini vMac WatchKit Extension.appex */,
			);
			name = Products;
			sourceTree = "<group>";
		};
		28E020E72173E0EC00C556D6 /* Mini vMac WatchKit App */ = {
			isa = PBXGroup;
			children = (
				288738492190D22D00E24DC3 /* Interface.storyboard */,
				28E020EB2173E0EC00C556D6 /* Assets.xcassets */,
				28E020ED2173E0EC00C556D6 /* Info.plist */,
			);
			path = "Mini vMac WatchKit App";
			sourceTree = "<group>";
		};
		28E020F62173E0EC00C556D6 /* Mini vMac WatchKit Extension */ = {
			isa = PBXGroup;
			children = (
				289673612BB21E700014D8E7 /* vMac.rom */,
				28E020F72173E0EC00C556D6 /* InterfaceController.h */,
				28E020F82173E0EC00C556D6 /* InterfaceController.m */,
				28E020FA2173E0EC00C556D6 /* ExtensionDelegate.h */,
				28E020FB2173E0EC00C556D6 /* ExtensionDelegate.m */,
				28E020FD2173E0ED00C556D6 /* Assets.xcassets */,
				28E020FF2173E0ED00C556D6 /* Info.plist */,
			);
			path = "Mini vMac WatchKit Extension";
			sourceTree = "<group>";
		};
		3479A43CE16567273D08B6EA /* Frameworks */ = {
			isa = PBXGroup;
			children = (
				28BF818F25338E0C007341A3 /* SwiftUI.framework */,
			);
			name = Frameworks;
			sourceTree = "<group>";
		};
/* End PBXGroup section */

/* Begin PBXNativeTarget section */
		28E020E22173E0EC00C556D6 /* Mini vMac WatchKit App */ = {
			isa = PBXNativeTarget;
			buildConfigurationList = 28E021062173E0ED00C556D6 /* Build configuration list for PBXNativeTarget "Mini vMac WatchKit App" */;
			buildPhases = (
				28E020E12173E0EC00C556D6 /* Resources */,
				28E021052173E0ED00C556D6 /* Embed App Extensions */,
				4259EE64740C16BAEA209B84 /* Frameworks */,
			);
			buildRules = (
			);
			dependencies = (
				28E020F52173E0EC00C556D6 /* PBXTargetDependency */,
			);
			name = "Mini vMac WatchKit App";
			productName = "Mini vMac WatchKit App";
			productReference = 28E020E32173E0EC00C556D6 /* Mini vMac WatchKit App.app */;
			productType = "com.apple.product-type.application.watchapp2";
		};
		28E020F12173E0EC00C556D6 /* Mini vMac WatchKit Extension */ = {
			isa = PBXNativeTarget;
			buildConfigurationList = 28E021022173E0ED00C556D6 /* Build configuration list for PBXNativeTarget "Mini vMac WatchKit Extension" */;
			buildPhases = (
				28E020EE2173E0EC00C556D6 /* Sources */,
				28E020EF2173E0EC00C556D6 /* Frameworks */,
				28E020F02173E0EC00C556D6 /* Resources */,
				289673372BB208BA0014D8E7 /* Embed Frameworks */,
			);
			buildRules = (
			);
			dependencies = (
				289673602BB20BF20014D8E7 /* PBXTargetDependency */,
			);
			name = "Mini vMac WatchKit Extension";
			productName = "Mini vMac WatchKit Extension";
			productReference = 28E020F22173E0EC00C556D6 /* Mini vMac WatchKit Extension.appex */;
			productType = "com.apple.product-type.watchkit2-extension";
		};
/* End PBXNativeTarget section */

/* Begin PBXProject section */
		28E020C52173E0EB00C556D6 /* Project object */ = {
			isa = PBXProject;
			attributes = {
				LastSwiftUpdateCheck = 1210;
				LastUpgradeCheck = 1000;
				ORGANIZATIONNAME = namedfork;
				TargetAttributes = {
					28E020E22173E0EC00C556D6 = {
						CreatedOnToolsVersion = 10.0;
					};
					28E020F12173E0EC00C556D6 = {
						CreatedOnToolsVersion = 10.0;
					};
				};
			};
			buildConfigurationList = 28E020C82173E0EB00C556D6 /* Build configuration list for PBXProject "Micro vMac" */;
			compatibilityVersion = "Xcode 9.3";
			developmentRegion = en;
			hasScannedForEncodings = 0;
			knownRegions = (
				en,
				Base,
			);
			mainGroup = 28E020C42173E0EB00C556D6;
			productRefGroup = 28E020CE2173E0EB00C556D6 /* Products */;
			projectDirPath = "";
			projectReferences = (
				{
					ProductGroup = 289673182BB2087C0014D8E7 /* Products */;
					ProjectRef = 289673172BB2087C0014D8E7 /* Mini vMac.xcodeproj */;
				},
			);
			projectRoot = "";
			targets = (
				28E020E22173E0EC00C556D6 /* Mini vMac WatchKit App */,
				28E020F12173E0EC00C556D6 /* Mini vMac WatchKit Extension */,
			);
		};
/* End PBXProject section */

/* Begin PBXReferenceProxy section */
		289673242BB2087D0014D8E7 /* Mini vMac.app */ = {
			isa = PBXReferenceProxy;
			fileType = wrapper.application;
			path = "Mini vMac.app";
			remoteRef = 289673232BB2087D0014D8E7 /* PBXContainerItemProxy */;
			sourceTree = BUILT_PRODUCTS_DIR;
		};
		289673262BB2087D0014D8E7 /* liblibhfs.a */ = {
			isa = PBXReferenceProxy;
			fileType = archive.ar;
			path = liblibhfs.a;
			remoteRef = 289673252BB2087D0014D8E7 /* PBXContainerItemProxy */;
			sourceTree = BUILT_PRODUCTS_DIR;
		};
		289673282BB2087D0014D8E7 /* liblibmfs.a */ = {
			isa = PBXReferenceProxy;
			fileType = archive.ar;
			path = liblibmfs.a;
			remoteRef = 289673272BB2087D0014D8E7 /* PBXContainerItemProxy */;
			sourceTree = BUILT_PRODUCTS_DIR;
		};
		2896732A2BB2087D0014D8E7 /* liblibres.a */ = {
			isa = PBXReferenceProxy;
			fileType = archive.ar;
			path = liblibres.a;
			remoteRef = 289673292BB2087D0014D8E7 /* PBXContainerItemProxy */;
			sourceTree = BUILT_PRODUCTS_DIR;
		};
		2896732C2BB2087D0014D8E7 /* MacPlus4M.framework */ = {
			isa = PBXReferenceProxy;
			fileType = wrapper.framework;
			path = MacPlus4M.framework;
			remoteRef = 2896732B2BB2087D0014D8E7 /* PBXContainerItemProxy */;
			sourceTree = BUILT_PRODUCTS_DIR;
		};
		2896732E2BB2087D0014D8E7 /* MacII.framework */ = {
			isa = PBXReferenceProxy;
			fileType = wrapper.framework;
			path = MacII.framework;
			remoteRef = 2896732D2BB2087D0014D8E7 /* PBXContainerItemProxy */;
			sourceTree = BUILT_PRODUCTS_DIR;
		};
		289673302BB2087D0014D8E7 /* Mac128K.framework */ = {
			isa = PBXReferenceProxy;
			fileType = wrapper.framework;
			path = Mac128K.framework;
			remoteRef = 2896732F2BB2087D0014D8E7 /* PBXContainerItemProxy */;
			sourceTree = BUILT_PRODUCTS_DIR;
		};
		289673322BB2087D0014D8E7 /* MacII-640x480.framework */ = {
			isa = PBXReferenceProxy;
			fileType = wrapper.framework;
			path = "MacII-640x480.framework";
			remoteRef = 289673312BB2087D0014D8E7 /* PBXContainerItemProxy */;
			sourceTree = BUILT_PRODUCTS_DIR;
		};
		289673342BB2087D0014D8E7 /* MacII-512x384.framework */ = {
			isa = PBXReferenceProxy;
			fileType = wrapper.framework;
			path = "MacII-512x384.framework";
			remoteRef = 289673332BB2087D0014D8E7 /* PBXContainerItemProxy */;
			sourceTree = BUILT_PRODUCTS_DIR;
		};
		2896734C2BB209E90014D8E7 /* MacPlus4M_WatchOS.framework */ = {
			isa = PBXReferenceProxy;
			fileType = wrapper.framework;
			path = MacPlus4M_WatchOS.framework;
			remoteRef = 2896734B2BB209E90014D8E7 /* PBXContainerItemProxy */;
			sourceTree = BUILT_PRODUCTS_DIR;
		};
/* End PBXReferenceProxy section */

/* Begin PBXResourcesBuildPhase section */
		28E020E12173E0EC00C556D6 /* Resources */ = {
			isa = PBXResourcesBuildPhase;
			buildActionMask = 2147483647;
			files = (
				2887384A2190D22D00E24DC3 /* Interface.storyboard in Resources */,
				28E020EC2173E0EC00C556D6 /* Assets.xcassets in Resources */,
			);
			runOnlyForDeploymentPostprocessing = 0;
		};
		28E020F02173E0EC00C556D6 /* Resources */ = {
			isa = PBXResourcesBuildPhase;
			buildActionMask = 2147483647;
			files = (
				28E020FE2173E0ED00C556D6 /* Assets.xcassets in Resources */,
				289673622BB21E700014D8E7 /* vMac.rom in Resources */,
			);
			runOnlyForDeploymentPostprocessing = 0;
		};
/* End PBXResourcesBuildPhase section */

/* Begin PBXSourcesBuildPhase section */
		28E020EE2173E0EC00C556D6 /* Sources */ = {
			isa = PBXSourcesBuildPhase;
			buildActionMask = 2147483647;
			files = (
				28E020FC2173E0EC00C556D6 /* ExtensionDelegate.m in Sources */,
				28E020F92173E0EC00C556D6 /* InterfaceController.m in Sources */,
			);
			runOnlyForDeploymentPostprocessing = 0;
		};
/* End PBXSourcesBuildPhase section */

/* Begin PBXTargetDependency section */
		289673602BB20BF20014D8E7 /* PBXTargetDependency */ = {
			isa = PBXTargetDependency;
			name = "MacPlus4M-WatchOS";
			targetProxy = 2896735F2BB20BF20014D8E7 /* PBXContainerItemProxy */;
		};
		28E020F52173E0EC00C556D6 /* PBXTargetDependency */ = {
			isa = PBXTargetDependency;
			target = 28E020F12173E0EC00C556D6 /* Mini vMac WatchKit Extension */;
			targetProxy = 28E020F42173E0EC00C556D6 /* PBXContainerItemProxy */;
		};
/* End PBXTargetDependency section */

/* Begin XCBuildConfiguration section */
		28E021002173E0ED00C556D6 /* Debug */ = {
			isa = XCBuildConfiguration;
			buildSettings = {
				ALWAYS_SEARCH_USER_PATHS = NO;
				CLANG_ANALYZER_NONNULL = YES;
				CLANG_ANALYZER_NUMBER_OBJECT_CONVERSION = YES_AGGRESSIVE;
				CLANG_CXX_LANGUAGE_STANDARD = "gnu++14";
				CLANG_CXX_LIBRARY = "libc++";
				CLANG_ENABLE_MODULES = YES;
				CLANG_ENABLE_OBJC_ARC = YES;
				CLANG_ENABLE_OBJC_WEAK = YES;
				CLANG_WARN_BLOCK_CAPTURE_AUTORELEASING = YES;
				CLANG_WARN_BOOL_CONVERSION = YES;
				CLANG_WARN_COMMA = YES;
				CLANG_WARN_CONSTANT_CONVERSION = YES;
				CLANG_WARN_DEPRECATED_OBJC_IMPLEMENTATIONS = YES;
				CLANG_WARN_DIRECT_OBJC_ISA_USAGE = YES_ERROR;
				CLANG_WARN_DOCUMENTATION_COMMENTS = YES;
				CLANG_WARN_EMPTY_BODY = YES;
				CLANG_WARN_ENUM_CONVERSION = YES;
				CLANG_WARN_INFINITE_RECURSION = YES;
				CLANG_WARN_INT_CONVERSION = YES;
				CLANG_WARN_NON_LITERAL_NULL_CONVERSION = YES;
				CLANG_WARN_OBJC_IMPLICIT_RETAIN_SELF = YES;
				CLANG_WARN_OBJC_LITERAL_CONVERSION = YES;
				CLANG_WARN_OBJC_ROOT_CLASS = YES_ERROR;
				CLANG_WARN_RANGE_LOOP_ANALYSIS = YES;
				CLANG_WARN_STRICT_PROTOTYPES = YES;
				CLANG_WARN_SUSPICIOUS_MOVE = YES;
				CLANG_WARN_UNGUARDED_AVAILABILITY = YES_AGGRESSIVE;
				CLANG_WARN_UNREACHABLE_CODE = YES;
				CLANG_WARN__DUPLICATE_METHOD_MATCH = YES;
				CODE_SIGN_IDENTITY = "iPhone Developer";
				COPY_PHASE_STRIP = NO;
				DEBUG_INFORMATION_FORMAT = dwarf;
				ENABLE_STRICT_OBJC_MSGSEND = YES;
				ENABLE_TESTABILITY = YES;
				GCC_C_LANGUAGE_STANDARD = gnu11;
				GCC_DYNAMIC_NO_PIC = NO;
				GCC_NO_COMMON_BLOCKS = YES;
				GCC_OPTIMIZATION_LEVEL = 0;
				GCC_PREPROCESSOR_DEFINITIONS = (
					"DEBUG=1",
					"$(inherited)",
				);
				GCC_WARN_64_TO_32_BIT_CONVERSION = YES;
				GCC_WARN_ABOUT_RETURN_TYPE = YES_ERROR;
				GCC_WARN_UNDECLARED_SELECTOR = YES;
				GCC_WARN_UNINITIALIZED_AUTOS = YES_AGGRESSIVE;
				GCC_WARN_UNUSED_FUNCTION = YES;
				GCC_WARN_UNUSED_VARIABLE = YES;
				IPHONEOS_DEPLOYMENT_TARGET = 12.0;
				MTL_ENABLE_DEBUG_INFO = INCLUDE_SOURCE;
				MTL_FAST_MATH = YES;
				ONLY_ACTIVE_ARCH = YES;
				SDKROOT = iphoneos;
				WATCHOS_DEPLOYMENT_TARGET = 5.0;
			};
			name = Debug;
		};
		28E021012173E0ED00C556D6 /* Release */ = {
			isa = XCBuildConfiguration;
			buildSettings = {
				ALWAYS_SEARCH_USER_PATHS = NO;
				CLANG_ANALYZER_NONNULL = YES;
				CLANG_ANALYZER_NUMBER_OBJECT_CONVERSION = YES_AGGRESSIVE;
				CLANG_CXX_LANGUAGE_STANDARD = "gnu++14";
				CLANG_CXX_LIBRARY = "libc++";
				CLANG_ENABLE_MODULES = YES;
				CLANG_ENABLE_OBJC_ARC = YES;
				CLANG_ENABLE_OBJC_WEAK = YES;
				CLANG_WARN_BLOCK_CAPTURE_AUTORELEASING = YES;
				CLANG_WARN_BOOL_CONVERSION = YES;
				CLANG_WARN_COMMA = YES;
				CLANG_WARN_CONSTANT_CONVERSION = YES;
				CLANG_WARN_DEPRECATED_OBJC_IMPLEMENTATIONS = YES;
				CLANG_WARN_DIRECT_OBJC_ISA_USAGE = YES_ERROR;
				CLANG_WARN_DOCUMENTATION_COMMENTS = YES;
				CLANG_WARN_EMPTY_BODY = YES;
				CLANG_WARN_ENUM_CONVERSION = YES;
				CLANG_WARN_INFINITE_RECURSION = YES;
				CLANG_WARN_INT_CONVERSION = YES;
				CLANG_WARN_NON_LITERAL_NULL_CONVERSION = YES;
				CLANG_WARN_OBJC_IMPLICIT_RETAIN_SELF = YES;
				CLANG_WARN_OBJC_LITERAL_CONVERSION = YES;
				CLANG_WARN_OBJC_ROOT_CLASS = YES_ERROR;
				CLANG_WARN_RANGE_LOOP_ANALYSIS = YES;
				CLANG_WARN_STRICT_PROTOTYPES = YES;
				CLANG_WARN_SUSPICIOUS_MOVE = YES;
				CLANG_WARN_UNGUARDED_AVAILABILITY = YES_AGGRESSIVE;
				CLANG_WARN_UNREACHABLE_CODE = YES;
				CLANG_WARN__DUPLICATE_METHOD_MATCH = YES;
				CODE_SIGN_IDENTITY = "iPhone Developer";
				COPY_PHASE_STRIP = NO;
				DEBUG_INFORMATION_FORMAT = "dwarf-with-dsym";
				ENABLE_NS_ASSERTIONS = NO;
				ENABLE_STRICT_OBJC_MSGSEND = YES;
				GCC_C_LANGUAGE_STANDARD = gnu11;
				GCC_NO_COMMON_BLOCKS = YES;
				GCC_WARN_64_TO_32_BIT_CONVERSION = YES;
				GCC_WARN_ABOUT_RETURN_TYPE = YES_ERROR;
				GCC_WARN_UNDECLARED_SELECTOR = YES;
				GCC_WARN_UNINITIALIZED_AUTOS = YES_AGGRESSIVE;
				GCC_WARN_UNUSED_FUNCTION = YES;
				GCC_WARN_UNUSED_VARIABLE = YES;
				IPHONEOS_DEPLOYMENT_TARGET = 12.0;
				MTL_ENABLE_DEBUG_INFO = NO;
				MTL_FAST_MATH = YES;
				SDKROOT = iphoneos;
				VALIDATE_PRODUCT = YES;
				WATCHOS_DEPLOYMENT_TARGET = 5.0;
			};
			name = Release;
		};
		28E021032173E0ED00C556D6 /* Debug */ = {
			isa = XCBuildConfiguration;
			buildSettings = {
				ASSETCATALOG_COMPILER_COMPLICATION_NAME = Complication;
				CODE_SIGN_IDENTITY = "Apple Development";
				CODE_SIGN_STYLE = Automatic;
				DEVELOPMENT_TEAM = UJXNDZ5TNU;
				INFOPLIST_FILE = "Mini vMac WatchKit Extension/Info.plist";
				LD_RUNPATH_SEARCH_PATHS = (
					"$(inherited)",
					"@executable_path/Frameworks",
					"@executable_path/../../Frameworks",
				);
				PRODUCT_BUNDLE_IDENTIFIER = net.namedfork.minivmac.watchkitapp.watchkitextension;
				PRODUCT_NAME = "${TARGET_NAME}";
				PROVISIONING_PROFILE_SPECIFIER = "";
				SDKROOT = watchos;
				SKIP_INSTALL = YES;
				TARGETED_DEVICE_FAMILY = 4;
				USER_HEADER_SEARCH_PATHS = "\"$(SRCROOT)/../Mini vMac\"";
				WATCHOS_DEPLOYMENT_TARGET = 5.0;
			};
			name = Debug;
		};
		28E021042173E0ED00C556D6 /* Release */ = {
			isa = XCBuildConfiguration;
			buildSettings = {
				ASSETCATALOG_COMPILER_COMPLICATION_NAME = Complication;
				CODE_SIGN_IDENTITY = "Apple Development";
				CODE_SIGN_STYLE = Automatic;
				DEVELOPMENT_TEAM = UJXNDZ5TNU;
				INFOPLIST_FILE = "Mini vMac WatchKit Extension/Info.plist";
				LD_RUNPATH_SEARCH_PATHS = (
					"$(inherited)",
					"@executable_path/Frameworks",
					"@executable_path/../../Frameworks",
				);
				PRODUCT_BUNDLE_IDENTIFIER = net.namedfork.minivmac.watchkitapp.watchkitextension;
				PRODUCT_NAME = "${TARGET_NAME}";
				PROVISIONING_PROFILE_SPECIFIER = "";
				SDKROOT = watchos;
				SKIP_INSTALL = YES;
				TARGETED_DEVICE_FAMILY = 4;
				USER_HEADER_SEARCH_PATHS = "\"$(SRCROOT)/../Mini vMac\"";
				WATCHOS_DEPLOYMENT_TARGET = 5.0;
			};
			name = Release;
		};
		28E021072173E0ED00C556D6 /* Debug */ = {
			isa = XCBuildConfiguration;
			buildSettings = {
				ASSETCATALOG_COMPILER_APPICON_NAME = AppIcon;
				CODE_SIGN_STYLE = Automatic;
				DEVELOPMENT_TEAM = UJXNDZ5TNU;
				IBSC_MODULE = Minivmac_WatchKit_Extension;
				INFOPLIST_FILE = "Mini vMac WatchKit App/Info.plist";
				PRODUCT_BUNDLE_IDENTIFIER = net.namedfork.minivmac.watchkitapp;
				PRODUCT_NAME = "$(TARGET_NAME)";
				SDKROOT = watchos;
				SKIP_INSTALL = YES;
				TARGETED_DEVICE_FAMILY = 4;
				WATCHOS_DEPLOYMENT_TARGET = 5.0;
			};
			name = Debug;
		};
		28E021082173E0ED00C556D6 /* Release */ = {
			isa = XCBuildConfiguration;
			buildSettings = {
				ASSETCATALOG_COMPILER_APPICON_NAME = AppIcon;
				CODE_SIGN_STYLE = Automatic;
				DEVELOPMENT_TEAM = UJXNDZ5TNU;
				IBSC_MODULE = Minivmac_WatchKit_Extension;
				INFOPLIST_FILE = "Mini vMac WatchKit App/Info.plist";
				PRODUCT_BUNDLE_IDENTIFIER = net.namedfork.minivmac.watchkitapp;
				PRODUCT_NAME = "$(TARGET_NAME)";
				SDKROOT = watchos;
				SKIP_INSTALL = YES;
				TARGETED_DEVICE_FAMILY = 4;
				WATCHOS_DEPLOYMENT_TARGET = 5.0;
			};
			name = Release;
		};
/* End XCBuildConfiguration section */

/* Begin XCConfigurationList section */
		28E020C82173E0EB00C556D6 /* Build configuration list for PBXProject "Micro vMac" */ = {
			isa = XCConfigurationList;
			buildConfigurations = (
				28E021002173E0ED00C556D6 /* Debug */,
				28E021012173E0ED00C556D6 /* Release */,
			);
			defaultConfigurationIsVisible = 0;
			defaultConfigurationName = Release;
		};
		28E021022173E0ED00C556D6 /* Build configuration list for PBXNativeTarget "Mini vMac WatchKit Extension" */ = {
			isa = XCConfigurationList;
			buildConfigurations = (
				28E021032173E0ED00C556D6 /* Debug */,
				28E021042173E0ED00C556D6 /* Release */,
			);
			defaultConfigurationIsVisible = 0;
			defaultConfigurationName = Release;
		};
		28E021062173E0ED00C556D6 /* Build configuration list for PBXNativeTarget "Mini vMac WatchKit App" */ = {
			isa = XCConfigurationList;
			buildConfigurations = (
				28E021072173E0ED00C556D6 /* Debug */,
				28E021082173E0ED00C556D6 /* Release */,
			);
			defaultConfigurationIsVisible = 0;
			defaultConfigurationName = Release;
		};
/* End XCConfigurationList section */
	};
	rootObject = 28E020C52173E0EB00C556D6 /* Project object */;
}
